// !$*UTF8*$!
{
	archiveVersion = 1;
	classes = {
	};
	objectVersion = 56;
	objects = {

/* Begin PBXBuildFile section */
		CF531B112AA81E2A00803669 /* Lottie in Frameworks */ = {isa = PBXBuildFile; productRef = CF531B102AA81E2A00803669 /* Lottie */; };
		CF531B132AA81F6900803669 /* animation_notification.json in Resources */ = {isa = PBXBuildFile; fileRef = CF531B122AA81F6900803669 /* animation_notification.json */; };
		CF531B152AA8211000803669 /* StepOneView.swift in Sources */ = {isa = PBXBuildFile; fileRef = CF531B142AA8211000803669 /* StepOneView.swift */; };
		CF6B2CCB2AA6ED6600A4A726 /* AppDelegate.swift in Sources */ = {isa = PBXBuildFile; fileRef = CF6B2CCA2AA6ED6600A4A726 /* AppDelegate.swift */; };
		CF6B2CCD2AA6ED6600A4A726 /* SceneDelegate.swift in Sources */ = {isa = PBXBuildFile; fileRef = CF6B2CCC2AA6ED6600A4A726 /* SceneDelegate.swift */; };
		CF6B2CD42AA6ED6700A4A726 /* Assets.xcassets in Resources */ = {isa = PBXBuildFile; fileRef = CF6B2CD32AA6ED6700A4A726 /* Assets.xcassets */; };
		CF6B2CD72AA6ED6700A4A726 /* LaunchScreen.storyboard in Resources */ = {isa = PBXBuildFile; fileRef = CF6B2CD52AA6ED6700A4A726 /* LaunchScreen.storyboard */; };
		CF6B2CDF2AA6EDFF00A4A726 /* HomeViewController.swift in Sources */ = {isa = PBXBuildFile; fileRef = CF6B2CDE2AA6EDFF00A4A726 /* HomeViewController.swift */; };
		CF6B2CE62AA6EEAE00A4A726 /* WelcomeViewController.swift in Sources */ = {isa = PBXBuildFile; fileRef = CF6B2CE52AA6EEAE00A4A726 /* WelcomeViewController.swift */; };
		CF6B2CE82AA7229000A4A726 /* BaseViewController.swift in Sources */ = {isa = PBXBuildFile; fileRef = CF6B2CE72AA7229000A4A726 /* BaseViewController.swift */; };
		CF6B2CEB2AA7244800A4A726 /* SnapKit in Frameworks */ = {isa = PBXBuildFile; productRef = CF6B2CEA2AA7244800A4A726 /* SnapKit */; };
		CF6B2CEE2AA7245D00A4A726 /* CombineCocoa in Frameworks */ = {isa = PBXBuildFile; productRef = CF6B2CED2AA7245D00A4A726 /* CombineCocoa */; };
		CF6B2CF22AA724A600A4A726 /* ThemeFont.swift in Sources */ = {isa = PBXBuildFile; fileRef = CF6B2CF02AA724A600A4A726 /* ThemeFont.swift */; };
		CF6B2CF32AA724A600A4A726 /* ThemeColor.swift in Sources */ = {isa = PBXBuildFile; fileRef = CF6B2CF12AA724A600A4A726 /* ThemeColor.swift */; };
		CF6B2CF82AA724BE00A4A726 /* UIColor+Extension.swift in Sources */ = {isa = PBXBuildFile; fileRef = CF6B2CF52AA724BE00A4A726 /* UIColor+Extension.swift */; };
		CF6B2CF92AA724BE00A4A726 /* UIView+Extension.swift in Sources */ = {isa = PBXBuildFile; fileRef = CF6B2CF62AA724BE00A4A726 /* UIView+Extension.swift */; };
		CF6B2CFE2AA72B7E00A4A726 /* GuideView.swift in Sources */ = {isa = PBXBuildFile; fileRef = CF6B2CFD2AA72B7E00A4A726 /* GuideView.swift */; };
		CF6B2D012AA72D7400A4A726 /* Constants.swift in Sources */ = {isa = PBXBuildFile; fileRef = CF6B2D002AA72D7400A4A726 /* Constants.swift */; };
		CF6B2D032AA7324000A4A726 /* BackgroundTextField.swift in Sources */ = {isa = PBXBuildFile; fileRef = CF6B2D022AA7324000A4A726 /* BackgroundTextField.swift */; };
		CF6B2D062AA7381000A4A726 /* KeywordCell.swift in Sources */ = {isa = PBXBuildFile; fileRef = CF6B2D052AA7381000A4A726 /* KeywordCell.swift */; };
		CF6B2D082AA73A2300A4A726 /* WelcomeViewModel.swift in Sources */ = {isa = PBXBuildFile; fileRef = CF6B2D072AA73A2300A4A726 /* WelcomeViewModel.swift */; };
		CF6B2D0A2AA75B1D00A4A726 /* Keyword.swift in Sources */ = {isa = PBXBuildFile; fileRef = CF6B2D092AA75B1D00A4A726 /* Keyword.swift */; };
/* End PBXBuildFile section */

/* Begin PBXFileReference section */
		CF531B122AA81F6900803669 /* animation_notification.json */ = {isa = PBXFileReference; fileEncoding = 4; lastKnownFileType = text.json; path = animation_notification.json; sourceTree = "<group>"; };
		CF531B142AA8211000803669 /* StepOneView.swift */ = {isa = PBXFileReference; lastKnownFileType = sourcecode.swift; path = StepOneView.swift; sourceTree = "<group>"; };
		CF6B2CC72AA6ED6600A4A726 /* HallymNotice.app */ = {isa = PBXFileReference; explicitFileType = wrapper.application; includeInIndex = 0; path = HallymNotice.app; sourceTree = BUILT_PRODUCTS_DIR; };
		CF6B2CCA2AA6ED6600A4A726 /* AppDelegate.swift */ = {isa = PBXFileReference; lastKnownFileType = sourcecode.swift; path = AppDelegate.swift; sourceTree = "<group>"; };
		CF6B2CCC2AA6ED6600A4A726 /* SceneDelegate.swift */ = {isa = PBXFileReference; lastKnownFileType = sourcecode.swift; path = SceneDelegate.swift; sourceTree = "<group>"; };
		CF6B2CD32AA6ED6700A4A726 /* Assets.xcassets */ = {isa = PBXFileReference; lastKnownFileType = folder.assetcatalog; path = Assets.xcassets; sourceTree = "<group>"; };
		CF6B2CD62AA6ED6700A4A726 /* Base */ = {isa = PBXFileReference; lastKnownFileType = file.storyboard; name = Base; path = Base.lproj/LaunchScreen.storyboard; sourceTree = "<group>"; };
		CF6B2CD82AA6ED6700A4A726 /* Info.plist */ = {isa = PBXFileReference; lastKnownFileType = text.plist.xml; path = Info.plist; sourceTree = "<group>"; };
		CF6B2CDE2AA6EDFF00A4A726 /* HomeViewController.swift */ = {isa = PBXFileReference; lastKnownFileType = sourcecode.swift; path = HomeViewController.swift; sourceTree = "<group>"; };
		CF6B2CE52AA6EEAE00A4A726 /* WelcomeViewController.swift */ = {isa = PBXFileReference; lastKnownFileType = sourcecode.swift; path = WelcomeViewController.swift; sourceTree = "<group>"; };
		CF6B2CE72AA7229000A4A726 /* BaseViewController.swift */ = {isa = PBXFileReference; lastKnownFileType = sourcecode.swift; path = BaseViewController.swift; sourceTree = "<group>"; };
		CF6B2CF02AA724A600A4A726 /* ThemeFont.swift */ = {isa = PBXFileReference; fileEncoding = 4; lastKnownFileType = sourcecode.swift; path = ThemeFont.swift; sourceTree = "<group>"; };
		CF6B2CF12AA724A600A4A726 /* ThemeColor.swift */ = {isa = PBXFileReference; fileEncoding = 4; lastKnownFileType = sourcecode.swift; path = ThemeColor.swift; sourceTree = "<group>"; };
		CF6B2CF52AA724BE00A4A726 /* UIColor+Extension.swift */ = {isa = PBXFileReference; fileEncoding = 4; lastKnownFileType = sourcecode.swift; path = "UIColor+Extension.swift"; sourceTree = "<group>"; };
		CF6B2CF62AA724BE00A4A726 /* UIView+Extension.swift */ = {isa = PBXFileReference; fileEncoding = 4; lastKnownFileType = sourcecode.swift; path = "UIView+Extension.swift"; sourceTree = "<group>"; };
		CF6B2CFD2AA72B7E00A4A726 /* GuideView.swift */ = {isa = PBXFileReference; lastKnownFileType = sourcecode.swift; path = GuideView.swift; sourceTree = "<group>"; };
		CF6B2D002AA72D7400A4A726 /* Constants.swift */ = {isa = PBXFileReference; lastKnownFileType = sourcecode.swift; path = Constants.swift; sourceTree = "<group>"; };
		CF6B2D022AA7324000A4A726 /* BackgroundTextField.swift */ = {isa = PBXFileReference; lastKnownFileType = sourcecode.swift; path = BackgroundTextField.swift; sourceTree = "<group>"; };
		CF6B2D052AA7381000A4A726 /* KeywordCell.swift */ = {isa = PBXFileReference; lastKnownFileType = sourcecode.swift; path = KeywordCell.swift; sourceTree = "<group>"; };
		CF6B2D072AA73A2300A4A726 /* WelcomeViewModel.swift */ = {isa = PBXFileReference; lastKnownFileType = sourcecode.swift; path = WelcomeViewModel.swift; sourceTree = "<group>"; };
		CF6B2D092AA75B1D00A4A726 /* Keyword.swift */ = {isa = PBXFileReference; lastKnownFileType = sourcecode.swift; path = Keyword.swift; sourceTree = "<group>"; };
/* End PBXFileReference section */

/* Begin PBXFrameworksBuildPhase section */
		CF6B2CC42AA6ED6600A4A726 /* Frameworks */ = {
			isa = PBXFrameworksBuildPhase;
			buildActionMask = 2147483647;
			files = (
				CF6B2CEE2AA7245D00A4A726 /* CombineCocoa in Frameworks */,
				CF6B2CEB2AA7244800A4A726 /* SnapKit in Frameworks */,
				CF531B112AA81E2A00803669 /* Lottie in Frameworks */,
			);
			runOnlyForDeploymentPostprocessing = 0;
		};
/* End PBXFrameworksBuildPhase section */

/* Begin PBXGroup section */
		CF531B162AA8213000803669 /* Welcome */ = {
			isa = PBXGroup;
			children = (
				CF6B2D052AA7381000A4A726 /* KeywordCell.swift */,
				CF6B2CE52AA6EEAE00A4A726 /* WelcomeViewController.swift */,
				CF6B2CFD2AA72B7E00A4A726 /* GuideView.swift */,
				CF6B2D022AA7324000A4A726 /* BackgroundTextField.swift */,
				CF531B142AA8211000803669 /* StepOneView.swift */,
			);
			path = Welcome;
			sourceTree = "<group>";
		};
		CF6B2CBE2AA6ED6600A4A726 = {
			isa = PBXGroup;
			children = (
				CF6B2CC92AA6ED6600A4A726 /* HallymNotice */,
				CF6B2CC82AA6ED6600A4A726 /* Products */,
			);
			sourceTree = "<group>";
		};
		CF6B2CC82AA6ED6600A4A726 /* Products */ = {
			isa = PBXGroup;
			children = (
				CF6B2CC72AA6ED6600A4A726 /* HallymNotice.app */,
			);
			name = Products;
			sourceTree = "<group>";
		};
		CF6B2CC92AA6ED6600A4A726 /* HallymNotice */ = {
			isa = PBXGroup;
			children = (
				CF531B122AA81F6900803669 /* animation_notification.json */,
				CF6B2CE32AA6EE5700A4A726 /* Model */,
				CF6B2CE22AA6EE5100A4A726 /* App */,
				CF6B2CE02AA6EE3600A4A726 /* View */,
				CF6B2CE42AA6EE5C00A4A726 /* ViewModel */,
				CF6B2CFF2AA72D6700A4A726 /* Utils */,
				CF6B2CD32AA6ED6700A4A726 /* Assets.xcassets */,
				CF6B2CD52AA6ED6700A4A726 /* LaunchScreen.storyboard */,
				CF6B2CD82AA6ED6700A4A726 /* Info.plist */,
			);
			path = HallymNotice;
			sourceTree = "<group>";
		};
		CF6B2CE02AA6EE3600A4A726 /* View */ = {
			isa = PBXGroup;
			children = (
				CF531B162AA8213000803669 /* Welcome */,
				CF6B2CDE2AA6EDFF00A4A726 /* HomeViewController.swift */,
				CF6B2CE72AA7229000A4A726 /* BaseViewController.swift */,
			);
			path = View;
			sourceTree = "<group>";
		};
		CF6B2CE22AA6EE5100A4A726 /* App */ = {
			isa = PBXGroup;
			children = (
				CF6B2CCA2AA6ED6600A4A726 /* AppDelegate.swift */,
				CF6B2CCC2AA6ED6600A4A726 /* SceneDelegate.swift */,
			);
			path = App;
			sourceTree = "<group>";
		};
		CF6B2CE32AA6EE5700A4A726 /* Model */ = {
			isa = PBXGroup;
			children = (
				CF6B2D092AA75B1D00A4A726 /* Keyword.swift */,
			);
			path = Model;
			sourceTree = "<group>";
		};
		CF6B2CE42AA6EE5C00A4A726 /* ViewModel */ = {
			isa = PBXGroup;
			children = (
				CF6B2D072AA73A2300A4A726 /* WelcomeViewModel.swift */,
			);
			path = ViewModel;
			sourceTree = "<group>";
		};
		CF6B2CEF2AA724A600A4A726 /* Theme */ = {
			isa = PBXGroup;
			children = (
				CF6B2CF02AA724A600A4A726 /* ThemeFont.swift */,
				CF6B2CF12AA724A600A4A726 /* ThemeColor.swift */,
			);
			path = Theme;
			sourceTree = "<group>";
		};
		CF6B2CF42AA724BE00A4A726 /* Extension */ = {
			isa = PBXGroup;
			children = (
				CF6B2CF52AA724BE00A4A726 /* UIColor+Extension.swift */,
				CF6B2CF62AA724BE00A4A726 /* UIView+Extension.swift */,
			);
			path = Extension;
			sourceTree = "<group>";
		};
		CF6B2CFF2AA72D6700A4A726 /* Utils */ = {
			isa = PBXGroup;
			children = (
				CF6B2CF42AA724BE00A4A726 /* Extension */,
				CF6B2CEF2AA724A600A4A726 /* Theme */,
				CF6B2D002AA72D7400A4A726 /* Constants.swift */,
			);
			path = Utils;
			sourceTree = "<group>";
		};
/* End PBXGroup section */

/* Begin PBXNativeTarget section */
		CF6B2CC62AA6ED6600A4A726 /* HallymNotice */ = {
			isa = PBXNativeTarget;
			buildConfigurationList = CF6B2CDB2AA6ED6700A4A726 /* Build configuration list for PBXNativeTarget "HallymNotice" */;
			buildPhases = (
				CF6B2CC32AA6ED6600A4A726 /* Sources */,
				CF6B2CC42AA6ED6600A4A726 /* Frameworks */,
				CF6B2CC52AA6ED6600A4A726 /* Resources */,
			);
			buildRules = (
			);
			dependencies = (
			);
			name = HallymNotice;
			packageProductDependencies = (
				CF6B2CEA2AA7244800A4A726 /* SnapKit */,
				CF6B2CED2AA7245D00A4A726 /* CombineCocoa */,
				CF531B102AA81E2A00803669 /* Lottie */,
			);
			productName = HallymNotice;
			productReference = CF6B2CC72AA6ED6600A4A726 /* HallymNotice.app */;
			productType = "com.apple.product-type.application";
		};
/* End PBXNativeTarget section */

/* Begin PBXProject section */
		CF6B2CBF2AA6ED6600A4A726 /* Project object */ = {
			isa = PBXProject;
			attributes = {
				BuildIndependentTargetsInParallel = 1;
				LastSwiftUpdateCheck = 1430;
				LastUpgradeCheck = 1430;
				TargetAttributes = {
					CF6B2CC62AA6ED6600A4A726 = {
						CreatedOnToolsVersion = 14.3.1;
					};
				};
			};
			buildConfigurationList = CF6B2CC22AA6ED6600A4A726 /* Build configuration list for PBXProject "HallymNotice" */;
			compatibilityVersion = "Xcode 14.0";
			developmentRegion = en;
			hasScannedForEncodings = 0;
			knownRegions = (
				en,
				Base,
			);
			mainGroup = CF6B2CBE2AA6ED6600A4A726;
			packageReferences = (
				CF6B2CE92AA7244800A4A726 /* XCRemoteSwiftPackageReference "SnapKit" */,
				CF6B2CEC2AA7245D00A4A726 /* XCRemoteSwiftPackageReference "CombineCocoa" */,
				CF531B0F2AA81E2A00803669 /* XCRemoteSwiftPackageReference "lottie-spm" */,
			);
			productRefGroup = CF6B2CC82AA6ED6600A4A726 /* Products */;
			projectDirPath = "";
			projectRoot = "";
			targets = (
				CF6B2CC62AA6ED6600A4A726 /* HallymNotice */,
			);
		};
/* End PBXProject section */

/* Begin PBXResourcesBuildPhase section */
		CF6B2CC52AA6ED6600A4A726 /* Resources */ = {
			isa = PBXResourcesBuildPhase;
			buildActionMask = 2147483647;
			files = (
				CF6B2CD72AA6ED6700A4A726 /* LaunchScreen.storyboard in Resources */,
				CF6B2CD42AA6ED6700A4A726 /* Assets.xcassets in Resources */,
				CF531B132AA81F6900803669 /* animation_notification.json in Resources */,
			);
			runOnlyForDeploymentPostprocessing = 0;
		};
/* End PBXResourcesBuildPhase section */

/* Begin PBXSourcesBuildPhase section */
		CF6B2CC32AA6ED6600A4A726 /* Sources */ = {
			isa = PBXSourcesBuildPhase;
			buildActionMask = 2147483647;
			files = (
				CF6B2CF22AA724A600A4A726 /* ThemeFont.swift in Sources */,
				CF6B2D0A2AA75B1D00A4A726 /* Keyword.swift in Sources */,
				CF6B2D032AA7324000A4A726 /* BackgroundTextField.swift in Sources */,
				CF6B2D012AA72D7400A4A726 /* Constants.swift in Sources */,
				CF6B2D082AA73A2300A4A726 /* WelcomeViewModel.swift in Sources */,
				CF531B152AA8211000803669 /* StepOneView.swift in Sources */,
				CF6B2D062AA7381000A4A726 /* KeywordCell.swift in Sources */,
				CF6B2CE82AA7229000A4A726 /* BaseViewController.swift in Sources */,
				CF6B2CCB2AA6ED6600A4A726 /* AppDelegate.swift in Sources */,
				CF6B2CF92AA724BE00A4A726 /* UIView+Extension.swift in Sources */,
				CF6B2CCD2AA6ED6600A4A726 /* SceneDelegate.swift in Sources */,
				CF6B2CFE2AA72B7E00A4A726 /* GuideView.swift in Sources */,
				CF6B2CDF2AA6EDFF00A4A726 /* HomeViewController.swift in Sources */,
				CF6B2CF32AA724A600A4A726 /* ThemeColor.swift in Sources */,
				CF6B2CE62AA6EEAE00A4A726 /* WelcomeViewController.swift in Sources */,
				CF6B2CF82AA724BE00A4A726 /* UIColor+Extension.swift in Sources */,
			);
			runOnlyForDeploymentPostprocessing = 0;
		};
/* End PBXSourcesBuildPhase section */

/* Begin PBXVariantGroup section */
		CF6B2CD52AA6ED6700A4A726 /* LaunchScreen.storyboard */ = {
			isa = PBXVariantGroup;
			children = (
				CF6B2CD62AA6ED6700A4A726 /* Base */,
			);
			name = LaunchScreen.storyboard;
			sourceTree = "<group>";
		};
/* End PBXVariantGroup section */

/* Begin XCBuildConfiguration section */
		CF6B2CD92AA6ED6700A4A726 /* Debug */ = {
			isa = XCBuildConfiguration;
			buildSettings = {
				ALWAYS_SEARCH_USER_PATHS = NO;
				CLANG_ANALYZER_NONNULL = YES;
				CLANG_ANALYZER_NUMBER_OBJECT_CONVERSION = YES_AGGRESSIVE;
				CLANG_CXX_LANGUAGE_STANDARD = "gnu++20";
				CLANG_ENABLE_MODULES = YES;
				CLANG_ENABLE_OBJC_ARC = YES;
				CLANG_ENABLE_OBJC_WEAK = YES;
				CLANG_WARN_BLOCK_CAPTURE_AUTORELEASING = YES;
				CLANG_WARN_BOOL_CONVERSION = YES;
				CLANG_WARN_COMMA = YES;
				CLANG_WARN_CONSTANT_CONVERSION = YES;
				CLANG_WARN_DEPRECATED_OBJC_IMPLEMENTATIONS = YES;
				CLANG_WARN_DIRECT_OBJC_ISA_USAGE = YES_ERROR;
				CLANG_WARN_DOCUMENTATION_COMMENTS = YES;
				CLANG_WARN_EMPTY_BODY = YES;
				CLANG_WARN_ENUM_CONVERSION = YES;
				CLANG_WARN_INFINITE_RECURSION = YES;
				CLANG_WARN_INT_CONVERSION = YES;
				CLANG_WARN_NON_LITERAL_NULL_CONVERSION = YES;
				CLANG_WARN_OBJC_IMPLICIT_RETAIN_SELF = YES;
				CLANG_WARN_OBJC_LITERAL_CONVERSION = YES;
				CLANG_WARN_OBJC_ROOT_CLASS = YES_ERROR;
				CLANG_WARN_QUOTED_INCLUDE_IN_FRAMEWORK_HEADER = YES;
				CLANG_WARN_RANGE_LOOP_ANALYSIS = YES;
				CLANG_WARN_STRICT_PROTOTYPES = YES;
				CLANG_WARN_SUSPICIOUS_MOVE = YES;
				CLANG_WARN_UNGUARDED_AVAILABILITY = YES_AGGRESSIVE;
				CLANG_WARN_UNREACHABLE_CODE = YES;
				CLANG_WARN__DUPLICATE_METHOD_MATCH = YES;
				COPY_PHASE_STRIP = NO;
				DEBUG_INFORMATION_FORMAT = dwarf;
				ENABLE_STRICT_OBJC_MSGSEND = YES;
				ENABLE_TESTABILITY = YES;
				GCC_C_LANGUAGE_STANDARD = gnu11;
				GCC_DYNAMIC_NO_PIC = NO;
				GCC_NO_COMMON_BLOCKS = YES;
				GCC_OPTIMIZATION_LEVEL = 0;
				GCC_PREPROCESSOR_DEFINITIONS = (
					"DEBUG=1",
					"$(inherited)",
				);
				GCC_WARN_64_TO_32_BIT_CONVERSION = YES;
				GCC_WARN_ABOUT_RETURN_TYPE = YES_ERROR;
				GCC_WARN_UNDECLARED_SELECTOR = YES;
				GCC_WARN_UNINITIALIZED_AUTOS = YES_AGGRESSIVE;
				GCC_WARN_UNUSED_FUNCTION = YES;
				GCC_WARN_UNUSED_VARIABLE = YES;
				IPHONEOS_DEPLOYMENT_TARGET = 16.4;
				MTL_ENABLE_DEBUG_INFO = INCLUDE_SOURCE;
				MTL_FAST_MATH = YES;
				ONLY_ACTIVE_ARCH = YES;
				SDKROOT = iphoneos;
				SWIFT_ACTIVE_COMPILATION_CONDITIONS = DEBUG;
				SWIFT_OPTIMIZATION_LEVEL = "-Onone";
			};
			name = Debug;
		};
		CF6B2CDA2AA6ED6700A4A726 /* Release */ = {
			isa = XCBuildConfiguration;
			buildSettings = {
				ALWAYS_SEARCH_USER_PATHS = NO;
				CLANG_ANALYZER_NONNULL = YES;
				CLANG_ANALYZER_NUMBER_OBJECT_CONVERSION = YES_AGGRESSIVE;
				CLANG_CXX_LANGUAGE_STANDARD = "gnu++20";
				CLANG_ENABLE_MODULES = YES;
				CLANG_ENABLE_OBJC_ARC = YES;
				CLANG_ENABLE_OBJC_WEAK = YES;
				CLANG_WARN_BLOCK_CAPTURE_AUTORELEASING = YES;
				CLANG_WARN_BOOL_CONVERSION = YES;
				CLANG_WARN_COMMA = YES;
				CLANG_WARN_CONSTANT_CONVERSION = YES;
				CLANG_WARN_DEPRECATED_OBJC_IMPLEMENTATIONS = YES;
				CLANG_WARN_DIRECT_OBJC_ISA_USAGE = YES_ERROR;
				CLANG_WARN_DOCUMENTATION_COMMENTS = YES;
				CLANG_WARN_EMPTY_BODY = YES;
				CLANG_WARN_ENUM_CONVERSION = YES;
				CLANG_WARN_INFINITE_RECURSION = YES;
				CLANG_WARN_INT_CONVERSION = YES;
				CLANG_WARN_NON_LITERAL_NULL_CONVERSION = YES;
				CLANG_WARN_OBJC_IMPLICIT_RETAIN_SELF = YES;
				CLANG_WARN_OBJC_LITERAL_CONVERSION = YES;
				CLANG_WARN_OBJC_ROOT_CLASS = YES_ERROR;
				CLANG_WARN_QUOTED_INCLUDE_IN_FRAMEWORK_HEADER = YES;
				CLANG_WARN_RANGE_LOOP_ANALYSIS = YES;
				CLANG_WARN_STRICT_PROTOTYPES = YES;
				CLANG_WARN_SUSPICIOUS_MOVE = YES;
				CLANG_WARN_UNGUARDED_AVAILABILITY = YES_AGGRESSIVE;
				CLANG_WARN_UNREACHABLE_CODE = YES;
				CLANG_WARN__DUPLICATE_METHOD_MATCH = YES;
				COPY_PHASE_STRIP = NO;
				DEBUG_INFORMATION_FORMAT = "dwarf-with-dsym";
				ENABLE_NS_ASSERTIONS = NO;
				ENABLE_STRICT_OBJC_MSGSEND = YES;
				GCC_C_LANGUAGE_STANDARD = gnu11;
				GCC_NO_COMMON_BLOCKS = YES;
				GCC_WARN_64_TO_32_BIT_CONVERSION = YES;
				GCC_WARN_ABOUT_RETURN_TYPE = YES_ERROR;
				GCC_WARN_UNDECLARED_SELECTOR = YES;
				GCC_WARN_UNINITIALIZED_AUTOS = YES_AGGRESSIVE;
				GCC_WARN_UNUSED_FUNCTION = YES;
				GCC_WARN_UNUSED_VARIABLE = YES;
				IPHONEOS_DEPLOYMENT_TARGET = 16.4;
				MTL_ENABLE_DEBUG_INFO = NO;
				MTL_FAST_MATH = YES;
				SDKROOT = iphoneos;
				SWIFT_COMPILATION_MODE = wholemodule;
				SWIFT_OPTIMIZATION_LEVEL = "-O";
				VALIDATE_PRODUCT = YES;
			};
			name = Release;
		};
		CF6B2CDC2AA6ED6700A4A726 /* Debug */ = {
			isa = XCBuildConfiguration;
			buildSettings = {
				ASSETCATALOG_COMPILER_APPICON_NAME = AppIcon;
				ASSETCATALOG_COMPILER_GLOBAL_ACCENT_COLOR_NAME = AccentColor;
				CODE_SIGN_STYLE = Automatic;
				CURRENT_PROJECT_VERSION = 1;
				DEVELOPMENT_TEAM = EX6G2VC9J8;
				GENERATE_INFOPLIST_FILE = YES;
				INFOPLIST_FILE = HallymNotice/Info.plist;
				INFOPLIST_KEY_UIApplicationSupportsIndirectInputEvents = YES;
				INFOPLIST_KEY_UILaunchStoryboardName = LaunchScreen;
				INFOPLIST_KEY_UISupportedInterfaceOrientations_iPad = "UIInterfaceOrientationPortrait UIInterfaceOrientationPortraitUpsideDown UIInterfaceOrientationLandscapeLeft UIInterfaceOrientationLandscapeRight";
				INFOPLIST_KEY_UISupportedInterfaceOrientations_iPhone = "UIInterfaceOrientationPortrait UIInterfaceOrientationLandscapeLeft UIInterfaceOrientationLandscapeRight";
				LD_RUNPATH_SEARCH_PATHS = (
					"$(inherited)",
					"@executable_path/Frameworks",
				);
				MARKETING_VERSION = 1.0;
				PRODUCT_BUNDLE_IDENTIFIER = com.dldmswo1209.HallymNotice;
				PRODUCT_NAME = "$(TARGET_NAME)";
				SWIFT_EMIT_LOC_STRINGS = YES;
				SWIFT_VERSION = 5.0;
				TARGETED_DEVICE_FAMILY = "1,2";
			};
			name = Debug;
		};
		CF6B2CDD2AA6ED6700A4A726 /* Release */ = {
			isa = XCBuildConfiguration;
			buildSettings = {
				ASSETCATALOG_COMPILER_APPICON_NAME = AppIcon;
				ASSETCATALOG_COMPILER_GLOBAL_ACCENT_COLOR_NAME = AccentColor;
				CODE_SIGN_STYLE = Automatic;
				CURRENT_PROJECT_VERSION = 1;
				DEVELOPMENT_TEAM = EX6G2VC9J8;
				GENERATE_INFOPLIST_FILE = YES;
				INFOPLIST_FILE = HallymNotice/Info.plist;
				INFOPLIST_KEY_UIApplicationSupportsIndirectInputEvents = YES;
				INFOPLIST_KEY_UILaunchStoryboardName = LaunchScreen;
				INFOPLIST_KEY_UISupportedInterfaceOrientations_iPad = "UIInterfaceOrientationPortrait UIInterfaceOrientationPortraitUpsideDown UIInterfaceOrientationLandscapeLeft UIInterfaceOrientationLandscapeRight";
				INFOPLIST_KEY_UISupportedInterfaceOrientations_iPhone = "UIInterfaceOrientationPortrait UIInterfaceOrientationLandscapeLeft UIInterfaceOrientationLandscapeRight";
				LD_RUNPATH_SEARCH_PATHS = (
					"$(inherited)",
					"@executable_path/Frameworks",
				);
				MARKETING_VERSION = 1.0;
				PRODUCT_BUNDLE_IDENTIFIER = com.dldmswo1209.HallymNotice;
				PRODUCT_NAME = "$(TARGET_NAME)";
				SWIFT_EMIT_LOC_STRINGS = YES;
				SWIFT_VERSION = 5.0;
				TARGETED_DEVICE_FAMILY = "1,2";
			};
			name = Release;
		};
/* End XCBuildConfiguration section */

/* Begin XCConfigurationList section */
		CF6B2CC22AA6ED6600A4A726 /* Build configuration list for PBXProject "HallymNotice" */ = {
			isa = XCConfigurationList;
			buildConfigurations = (
				CF6B2CD92AA6ED6700A4A726 /* Debug */,
				CF6B2CDA2AA6ED6700A4A726 /* Release */,
			);
			defaultConfigurationIsVisible = 0;
			defaultConfigurationName = Release;
		};
		CF6B2CDB2AA6ED6700A4A726 /* Build configuration list for PBXNativeTarget "HallymNotice" */ = {
			isa = XCConfigurationList;
			buildConfigurations = (
				CF6B2CDC2AA6ED6700A4A726 /* Debug */,
				CF6B2CDD2AA6ED6700A4A726 /* Release */,
			);
			defaultConfigurationIsVisible = 0;
			defaultConfigurationName = Release;
		};
/* End XCConfigurationList section */

/* Begin XCRemoteSwiftPackageReference section */
		CF531B0F2AA81E2A00803669 /* XCRemoteSwiftPackageReference "lottie-spm" */ = {
			isa = XCRemoteSwiftPackageReference;
			repositoryURL = "https://github.com/airbnb/lottie-spm.git";
			requirement = {
				kind = upToNextMajorVersion;
				minimumVersion = 4.0.0;
			};
		};
		CF6B2CE92AA7244800A4A726 /* XCRemoteSwiftPackageReference "SnapKit" */ = {
			isa = XCRemoteSwiftPackageReference;
			repositoryURL = "https://github.com/SnapKit/SnapKit.git";
			requirement = {
				kind = upToNextMajorVersion;
				minimumVersion = 5.0.0;
			};
		};
		CF6B2CEC2AA7245D00A4A726 /* XCRemoteSwiftPackageReference "CombineCocoa" */ = {
			isa = XCRemoteSwiftPackageReference;
			repositoryURL = "https://github.com/CombineCommunity/CombineCocoa";
			requirement = {
				kind = upToNextMajorVersion;
				minimumVersion = 0.4.1;
			};
		};
/* End XCRemoteSwiftPackageReference section */

/* Begin XCSwiftPackageProductDependency section */
		CF531B102AA81E2A00803669 /* Lottie */ = {
			isa = XCSwiftPackageProductDependency;
			package = CF531B0F2AA81E2A00803669 /* XCRemoteSwiftPackageReference "lottie-spm" */;
			productName = Lottie;
		};
		CF6B2CEA2AA7244800A4A726 /* SnapKit */ = {
			isa = XCSwiftPackageProductDependency;
			package = CF6B2CE92AA7244800A4A726 /* XCRemoteSwiftPackageReference "SnapKit" */;
			productName = SnapKit;
		};
		CF6B2CED2AA7245D00A4A726 /* CombineCocoa */ = {
			isa = XCSwiftPackageProductDependency;
			package = CF6B2CEC2AA7245D00A4A726 /* XCRemoteSwiftPackageReference "CombineCocoa" */;
			productName = CombineCocoa;
		};
/* End XCSwiftPackageProductDependency section */
	};
	rootObject = CF6B2CBF2AA6ED6600A4A726 /* Project object */;
}
