// !$*UTF8*$!
{
	archiveVersion = 1;
	classes = {
	};
	objectVersion = 56;
	objects = {

/* Begin PBXBuildFile section */
		CF00A2E02AB958AB004865C6 /* ThemeColor.swift in Sources */ = {isa = PBXBuildFile; fileRef = CF00A2DF2AB958AB004865C6 /* ThemeColor.swift */; };
		CF00A2E22AB958B7004865C6 /* ThemeFont.swift in Sources */ = {isa = PBXBuildFile; fileRef = CF00A2E12AB958B7004865C6 /* ThemeFont.swift */; };
		CF00A2E42AB959C2004865C6 /* NoticeCategory.swift in Sources */ = {isa = PBXBuildFile; fileRef = CF00A2E32AB959C2004865C6 /* NoticeCategory.swift */; };
		CF0F8C2C2AA8845E001466CD /* ForecastCell.swift in Sources */ = {isa = PBXBuildFile; fileRef = CF0F8C2B2AA8845E001466CD /* ForecastCell.swift */; };
		CF18B5E62AADD2780096C1FD /* GoogleService-Info.plist in Resources */ = {isa = PBXBuildFile; fileRef = CF18B5E52AADD2780096C1FD /* GoogleService-Info.plist */; };
		CF18B5E92AADD2FF0096C1FD /* FirebaseMessaging in Frameworks */ = {isa = PBXBuildFile; productRef = CF18B5E82AADD2FF0096C1FD /* FirebaseMessaging */; };
		CF1C61EE2AAD82F100759248 /* LoadingView.swift in Sources */ = {isa = PBXBuildFile; fileRef = CF1C61ED2AAD82F100759248 /* LoadingView.swift */; };
		CF1C61F12AADB50C00759248 /* WebKit.framework in Frameworks */ = {isa = PBXBuildFile; fileRef = CF1C61F02AADB50C00759248 /* WebKit.framework */; };
		CF1C61F32AADB52300759248 /* WebViewController.swift in Sources */ = {isa = PBXBuildFile; fileRef = CF1C61F22AADB52300759248 /* WebViewController.swift */; };
		CF1C61F52AADBD2400759248 /* UIViewController+Extension.swift in Sources */ = {isa = PBXBuildFile; fileRef = CF1C61F42AADBD2400759248 /* UIViewController+Extension.swift */; };
		CF319CDB2AB07B64007039A6 /* TabView.swift in Sources */ = {isa = PBXBuildFile; fileRef = CF319CD82AB07B04007039A6 /* TabView.swift */; };
		CF319CDC2AB07B64007039A6 /* TabItemView.swift in Sources */ = {isa = PBXBuildFile; fileRef = CF319CD92AB07B04007039A6 /* TabItemView.swift */; };
		CF319CDD2AB07B64007039A6 /* AutoPaddingButton.swift in Sources */ = {isa = PBXBuildFile; fileRef = CF319CDA2AB07B04007039A6 /* AutoPaddingButton.swift */; };
		CF531B112AA81E2A00803669 /* Lottie in Frameworks */ = {isa = PBXBuildFile; productRef = CF531B102AA81E2A00803669 /* Lottie */; };
		CF531B132AA81F6900803669 /* animation_notification.json in Resources */ = {isa = PBXBuildFile; fileRef = CF531B122AA81F6900803669 /* animation_notification.json */; };
		CF531B152AA8211000803669 /* StepOneView.swift in Sources */ = {isa = PBXBuildFile; fileRef = CF531B142AA8211000803669 /* StepOneView.swift */; };
		CF5CC8AF2AAC2203008B0E1E /* NoticeHeaderView.swift in Sources */ = {isa = PBXBuildFile; fileRef = CF5CC8AE2AAC2203008B0E1E /* NoticeHeaderView.swift */; };
		CF5CC8B12AAC29E7008B0E1E /* Notice.swift in Sources */ = {isa = PBXBuildFile; fileRef = CF5CC8B02AAC29E7008B0E1E /* Notice.swift */; };
		CF5CC8B42AAC2A0E008B0E1E /* SwiftSoup in Frameworks */ = {isa = PBXBuildFile; productRef = CF5CC8B32AAC2A0E008B0E1E /* SwiftSoup */; };
		CF5CC8B62AAC2A25008B0E1E /* CrawlingService.swift in Sources */ = {isa = PBXBuildFile; fileRef = CF5CC8B52AAC2A25008B0E1E /* CrawlingService.swift */; };
		CF5CC8B82AAC2DDE008B0E1E /* CrawlingServiceType.swift in Sources */ = {isa = PBXBuildFile; fileRef = CF5CC8B72AAC2DDE008B0E1E /* CrawlingServiceType.swift */; };
		CF5CC8BA2AAC6D58008B0E1E /* NoticeViewController.swift in Sources */ = {isa = PBXBuildFile; fileRef = CF5CC8B92AAC6D58008B0E1E /* NoticeViewController.swift */; };
		CF5CC8BC2AAC6D9F008B0E1E /* NoticeViewModel.swift in Sources */ = {isa = PBXBuildFile; fileRef = CF5CC8BB2AAC6D9F008B0E1E /* NoticeViewModel.swift */; };
		CF5CC8BE2AAC6ED3008B0E1E /* Date+Extension.swift in Sources */ = {isa = PBXBuildFile; fileRef = CF5CC8BD2AAC6ED3008B0E1E /* Date+Extension.swift */; };
		CF5CC8C02AACCC77008B0E1E /* SearchViewController.swift in Sources */ = {isa = PBXBuildFile; fileRef = CF5CC8BF2AACCC77008B0E1E /* SearchViewController.swift */; };
		CF5CC8C22AACCD2D008B0E1E /* SearchViewModel.swift in Sources */ = {isa = PBXBuildFile; fileRef = CF5CC8C12AACCD2D008B0E1E /* SearchViewModel.swift */; };
		CF6B2CCB2AA6ED6600A4A726 /* AppDelegate.swift in Sources */ = {isa = PBXBuildFile; fileRef = CF6B2CCA2AA6ED6600A4A726 /* AppDelegate.swift */; };
		CF6B2CCD2AA6ED6600A4A726 /* SceneDelegate.swift in Sources */ = {isa = PBXBuildFile; fileRef = CF6B2CCC2AA6ED6600A4A726 /* SceneDelegate.swift */; };
		CF6B2CD42AA6ED6700A4A726 /* Assets.xcassets in Resources */ = {isa = PBXBuildFile; fileRef = CF6B2CD32AA6ED6700A4A726 /* Assets.xcassets */; };
		CF6B2CD72AA6ED6700A4A726 /* LaunchScreen.storyboard in Resources */ = {isa = PBXBuildFile; fileRef = CF6B2CD52AA6ED6700A4A726 /* LaunchScreen.storyboard */; };
		CF6B2CDF2AA6EDFF00A4A726 /* HomeViewController.swift in Sources */ = {isa = PBXBuildFile; fileRef = CF6B2CDE2AA6EDFF00A4A726 /* HomeViewController.swift */; };
		CF6B2CE62AA6EEAE00A4A726 /* WelcomeViewController.swift in Sources */ = {isa = PBXBuildFile; fileRef = CF6B2CE52AA6EEAE00A4A726 /* WelcomeViewController.swift */; };
		CF6B2CE82AA7229000A4A726 /* BaseViewController.swift in Sources */ = {isa = PBXBuildFile; fileRef = CF6B2CE72AA7229000A4A726 /* BaseViewController.swift */; };
		CF6B2CEB2AA7244800A4A726 /* SnapKit in Frameworks */ = {isa = PBXBuildFile; productRef = CF6B2CEA2AA7244800A4A726 /* SnapKit */; };
		CF6B2CEE2AA7245D00A4A726 /* CombineCocoa in Frameworks */ = {isa = PBXBuildFile; productRef = CF6B2CED2AA7245D00A4A726 /* CombineCocoa */; };
		CF6B2CF82AA724BE00A4A726 /* UIColor+Extension.swift in Sources */ = {isa = PBXBuildFile; fileRef = CF6B2CF52AA724BE00A4A726 /* UIColor+Extension.swift */; };
		CF6B2CF92AA724BE00A4A726 /* UIView+Extension.swift in Sources */ = {isa = PBXBuildFile; fileRef = CF6B2CF62AA724BE00A4A726 /* UIView+Extension.swift */; };
		CF6B2CFE2AA72B7E00A4A726 /* GuideView.swift in Sources */ = {isa = PBXBuildFile; fileRef = CF6B2CFD2AA72B7E00A4A726 /* GuideView.swift */; };
		CF6B2D012AA72D7400A4A726 /* Constants.swift in Sources */ = {isa = PBXBuildFile; fileRef = CF6B2D002AA72D7400A4A726 /* Constants.swift */; };
		CF6B2D032AA7324000A4A726 /* BackgroundTextField.swift in Sources */ = {isa = PBXBuildFile; fileRef = CF6B2D022AA7324000A4A726 /* BackgroundTextField.swift */; };
		CF6B2D062AA7381000A4A726 /* KeywordCell.swift in Sources */ = {isa = PBXBuildFile; fileRef = CF6B2D052AA7381000A4A726 /* KeywordCell.swift */; };
		CF6B2D082AA73A2300A4A726 /* WelcomeViewModel.swift in Sources */ = {isa = PBXBuildFile; fileRef = CF6B2D072AA73A2300A4A726 /* WelcomeViewModel.swift */; };
		CF6B2D0A2AA75B1D00A4A726 /* Keyword.swift in Sources */ = {isa = PBXBuildFile; fileRef = CF6B2D092AA75B1D00A4A726 /* Keyword.swift */; };
		CF790D352AA8AD08003DE5E2 /* MenuViewController.swift in Sources */ = {isa = PBXBuildFile; fileRef = CF790D342AA8AD08003DE5E2 /* MenuViewController.swift */; };
		CFA4CD002AB435970075775E /* MenuCell.swift in Sources */ = {isa = PBXBuildFile; fileRef = CFA4CCFF2AB435970075775E /* MenuCell.swift */; };
		CFA4CD022AB43E430075775E /* Menu.swift in Sources */ = {isa = PBXBuildFile; fileRef = CFA4CD012AB43E430075775E /* Menu.swift */; };
		CFA4CD062AB44ABF0075775E /* EditKeywordViewController.swift in Sources */ = {isa = PBXBuildFile; fileRef = CFA4CD052AB44ABF0075775E /* EditKeywordViewController.swift */; };
		CFB23F672ABED2D9001154D1 /* MenuViewModel.swift in Sources */ = {isa = PBXBuildFile; fileRef = CFB23F662ABED2D8001154D1 /* MenuViewModel.swift */; };
		CFBD49822ABDBEE70094D2F1 /* AuthService.swift in Sources */ = {isa = PBXBuildFile; fileRef = CFBD49812ABDBEE70094D2F1 /* AuthService.swift */; };
		CFBD49852ABDC59A0094D2F1 /* AuthServiceType.swift in Sources */ = {isa = PBXBuildFile; fileRef = CFBD49842ABDC59A0094D2F1 /* AuthServiceType.swift */; };
		CFC41EE32AA96CDA009732C2 /* LocationProviderType.swift in Sources */ = {isa = PBXBuildFile; fileRef = CFC41EE22AA96CDA009732C2 /* LocationProviderType.swift */; };
		CFC41EE52AA96D28009732C2 /* CoreLocationProvider.swift in Sources */ = {isa = PBXBuildFile; fileRef = CFC41EE42AA96D28009732C2 /* CoreLocationProvider.swift */; };
		CFC41EE72AA96D7D009732C2 /* CLLocation+Extension.swift in Sources */ = {isa = PBXBuildFile; fileRef = CFC41EE62AA96D7D009732C2 /* CLLocation+Extension.swift */; };
		CFC41EE92AA97235009732C2 /* HomeViewModel.swift in Sources */ = {isa = PBXBuildFile; fileRef = CFC41EE82AA97235009732C2 /* HomeViewModel.swift */; };
		CFC41EEB2AA9796F009732C2 /* CurrentWeather.swift in Sources */ = {isa = PBXBuildFile; fileRef = CFC41EEA2AA9796F009732C2 /* CurrentWeather.swift */; };
		CFC41EED2AA979E6009732C2 /* WeatherApiType.swift in Sources */ = {isa = PBXBuildFile; fileRef = CFC41EEC2AA979E6009732C2 /* WeatherApiType.swift */; };
		CFC41EF12AA97A44009732C2 /* Forecast.swift in Sources */ = {isa = PBXBuildFile; fileRef = CFC41EEE2AA97A44009732C2 /* Forecast.swift */; };
		CFC41EF22AA97A44009732C2 /* WeatherData.swift in Sources */ = {isa = PBXBuildFile; fileRef = CFC41EEF2AA97A44009732C2 /* WeatherData.swift */; };
		CFC41EF52AA97D08009732C2 /* NetworkServiceType.swift in Sources */ = {isa = PBXBuildFile; fileRef = CFC41EF42AA97D08009732C2 /* NetworkServiceType.swift */; };
		CFC41EF72AA97E1E009732C2 /* WeatherApi.swift in Sources */ = {isa = PBXBuildFile; fileRef = CFC41EF62AA97E1E009732C2 /* WeatherApi.swift */; };
		CFC41EFA2AA99067009732C2 /* SDWebImage in Frameworks */ = {isa = PBXBuildFile; productRef = CFC41EF92AA99067009732C2 /* SDWebImage */; };
		CFC41EFC2AA9942E009732C2 /* String+Extension.swift in Sources */ = {isa = PBXBuildFile; fileRef = CFC41EFB2AA9942E009732C2 /* String+Extension.swift */; };
		CFE317592AAB2343000C7D27 /* NoticeCell.swift in Sources */ = {isa = PBXBuildFile; fileRef = CFE317582AAB2343000C7D27 /* NoticeCell.swift */; };
		CFE3175B2AAB2554000C7D27 /* HomeSection.swift in Sources */ = {isa = PBXBuildFile; fileRef = CFE3175A2AAB2554000C7D27 /* HomeSection.swift */; };
		CFE3175D2AAB257C000C7D27 /* ForecastSection.swift in Sources */ = {isa = PBXBuildFile; fileRef = CFE3175C2AAB257C000C7D27 /* ForecastSection.swift */; };
		CFFAD5372AA849F800F56444 /* StepTwoView.swift in Sources */ = {isa = PBXBuildFile; fileRef = CFFAD5362AA849F800F56444 /* StepTwoView.swift */; };
		CFFAD5392AA84A3300F56444 /* animation_check.json in Resources */ = {isa = PBXBuildFile; fileRef = CFFAD5382AA84A3300F56444 /* animation_check.json */; };
		CFFAD53B2AA84F8200F56444 /* User.swift in Sources */ = {isa = PBXBuildFile; fileRef = CFFAD53A2AA84F8200F56444 /* User.swift */; };
		CFFAD53E2AA8510B00F56444 /* WeatherView.swift in Sources */ = {isa = PBXBuildFile; fileRef = CFFAD53D2AA8510B00F56444 /* WeatherView.swift */; };
/* End PBXBuildFile section */

/* Begin PBXFileReference section */
		CF00A2DF2AB958AB004865C6 /* ThemeColor.swift */ = {isa = PBXFileReference; lastKnownFileType = sourcecode.swift; path = ThemeColor.swift; sourceTree = "<group>"; };
		CF00A2E12AB958B7004865C6 /* ThemeFont.swift */ = {isa = PBXFileReference; lastKnownFileType = sourcecode.swift; path = ThemeFont.swift; sourceTree = "<group>"; };
		CF00A2E32AB959C2004865C6 /* NoticeCategory.swift */ = {isa = PBXFileReference; lastKnownFileType = sourcecode.swift; path = NoticeCategory.swift; sourceTree = "<group>"; };
		CF0F8C2B2AA8845E001466CD /* ForecastCell.swift */ = {isa = PBXFileReference; lastKnownFileType = sourcecode.swift; path = ForecastCell.swift; sourceTree = "<group>"; };
		CF18B5E52AADD2780096C1FD /* GoogleService-Info.plist */ = {isa = PBXFileReference; fileEncoding = 4; lastKnownFileType = text.plist.xml; name = "GoogleService-Info.plist"; path = "../../../../Downloads/GoogleService-Info.plist"; sourceTree = "<group>"; };
		CF18B5EA2AADD7460096C1FD /* HallymNotice.entitlements */ = {isa = PBXFileReference; lastKnownFileType = text.plist.entitlements; path = HallymNotice.entitlements; sourceTree = "<group>"; };
		CF1C61ED2AAD82F100759248 /* LoadingView.swift */ = {isa = PBXFileReference; fileEncoding = 4; lastKnownFileType = sourcecode.swift; path = LoadingView.swift; sourceTree = "<group>"; };
		CF1C61F02AADB50C00759248 /* WebKit.framework */ = {isa = PBXFileReference; lastKnownFileType = wrapper.framework; name = WebKit.framework; path = System/Library/Frameworks/WebKit.framework; sourceTree = SDKROOT; };
		CF1C61F22AADB52300759248 /* WebViewController.swift */ = {isa = PBXFileReference; lastKnownFileType = sourcecode.swift; path = WebViewController.swift; sourceTree = "<group>"; };
		CF1C61F42AADBD2400759248 /* UIViewController+Extension.swift */ = {isa = PBXFileReference; lastKnownFileType = sourcecode.swift; path = "UIViewController+Extension.swift"; sourceTree = "<group>"; };
		CF319CD82AB07B04007039A6 /* TabView.swift */ = {isa = PBXFileReference; lastKnownFileType = sourcecode.swift; path = TabView.swift; sourceTree = "<group>"; };
		CF319CD92AB07B04007039A6 /* TabItemView.swift */ = {isa = PBXFileReference; lastKnownFileType = sourcecode.swift; path = TabItemView.swift; sourceTree = "<group>"; };
		CF319CDA2AB07B04007039A6 /* AutoPaddingButton.swift */ = {isa = PBXFileReference; lastKnownFileType = sourcecode.swift; path = AutoPaddingButton.swift; sourceTree = "<group>"; };
		CF531B122AA81F6900803669 /* animation_notification.json */ = {isa = PBXFileReference; fileEncoding = 4; lastKnownFileType = text.json; path = animation_notification.json; sourceTree = "<group>"; };
		CF531B142AA8211000803669 /* StepOneView.swift */ = {isa = PBXFileReference; lastKnownFileType = sourcecode.swift; path = StepOneView.swift; sourceTree = "<group>"; };
		CF5CC8AE2AAC2203008B0E1E /* NoticeHeaderView.swift */ = {isa = PBXFileReference; lastKnownFileType = sourcecode.swift; path = NoticeHeaderView.swift; sourceTree = "<group>"; };
		CF5CC8B02AAC29E7008B0E1E /* Notice.swift */ = {isa = PBXFileReference; lastKnownFileType = sourcecode.swift; path = Notice.swift; sourceTree = "<group>"; };
		CF5CC8B52AAC2A25008B0E1E /* CrawlingService.swift */ = {isa = PBXFileReference; lastKnownFileType = sourcecode.swift; path = CrawlingService.swift; sourceTree = "<group>"; };
		CF5CC8B72AAC2DDE008B0E1E /* CrawlingServiceType.swift */ = {isa = PBXFileReference; lastKnownFileType = sourcecode.swift; path = CrawlingServiceType.swift; sourceTree = "<group>"; };
		CF5CC8B92AAC6D58008B0E1E /* NoticeViewController.swift */ = {isa = PBXFileReference; lastKnownFileType = sourcecode.swift; path = NoticeViewController.swift; sourceTree = "<group>"; };
		CF5CC8BB2AAC6D9F008B0E1E /* NoticeViewModel.swift */ = {isa = PBXFileReference; lastKnownFileType = sourcecode.swift; path = NoticeViewModel.swift; sourceTree = "<group>"; };
		CF5CC8BD2AAC6ED3008B0E1E /* Date+Extension.swift */ = {isa = PBXFileReference; lastKnownFileType = sourcecode.swift; path = "Date+Extension.swift"; sourceTree = "<group>"; };
		CF5CC8BF2AACCC77008B0E1E /* SearchViewController.swift */ = {isa = PBXFileReference; lastKnownFileType = sourcecode.swift; path = SearchViewController.swift; sourceTree = "<group>"; };
		CF5CC8C12AACCD2D008B0E1E /* SearchViewModel.swift */ = {isa = PBXFileReference; lastKnownFileType = sourcecode.swift; path = SearchViewModel.swift; sourceTree = "<group>"; };
		CF6B2CC72AA6ED6600A4A726 /* HallymNotice.app */ = {isa = PBXFileReference; explicitFileType = wrapper.application; includeInIndex = 0; path = HallymNotice.app; sourceTree = BUILT_PRODUCTS_DIR; };
		CF6B2CCA2AA6ED6600A4A726 /* AppDelegate.swift */ = {isa = PBXFileReference; lastKnownFileType = sourcecode.swift; path = AppDelegate.swift; sourceTree = "<group>"; };
		CF6B2CCC2AA6ED6600A4A726 /* SceneDelegate.swift */ = {isa = PBXFileReference; lastKnownFileType = sourcecode.swift; path = SceneDelegate.swift; sourceTree = "<group>"; };
		CF6B2CD32AA6ED6700A4A726 /* Assets.xcassets */ = {isa = PBXFileReference; lastKnownFileType = folder.assetcatalog; path = Assets.xcassets; sourceTree = "<group>"; };
		CF6B2CD62AA6ED6700A4A726 /* Base */ = {isa = PBXFileReference; lastKnownFileType = file.storyboard; name = Base; path = Base.lproj/LaunchScreen.storyboard; sourceTree = "<group>"; };
		CF6B2CD82AA6ED6700A4A726 /* Info.plist */ = {isa = PBXFileReference; lastKnownFileType = text.plist.xml; path = Info.plist; sourceTree = "<group>"; };
		CF6B2CDE2AA6EDFF00A4A726 /* HomeViewController.swift */ = {isa = PBXFileReference; lastKnownFileType = sourcecode.swift; path = HomeViewController.swift; sourceTree = "<group>"; };
		CF6B2CE52AA6EEAE00A4A726 /* WelcomeViewController.swift */ = {isa = PBXFileReference; lastKnownFileType = sourcecode.swift; path = WelcomeViewController.swift; sourceTree = "<group>"; };
		CF6B2CE72AA7229000A4A726 /* BaseViewController.swift */ = {isa = PBXFileReference; lastKnownFileType = sourcecode.swift; path = BaseViewController.swift; sourceTree = "<group>"; };
		CF6B2CF52AA724BE00A4A726 /* UIColor+Extension.swift */ = {isa = PBXFileReference; fileEncoding = 4; lastKnownFileType = sourcecode.swift; path = "UIColor+Extension.swift"; sourceTree = "<group>"; };
		CF6B2CF62AA724BE00A4A726 /* UIView+Extension.swift */ = {isa = PBXFileReference; fileEncoding = 4; lastKnownFileType = sourcecode.swift; path = "UIView+Extension.swift"; sourceTree = "<group>"; };
		CF6B2CFD2AA72B7E00A4A726 /* GuideView.swift */ = {isa = PBXFileReference; lastKnownFileType = sourcecode.swift; path = GuideView.swift; sourceTree = "<group>"; };
		CF6B2D002AA72D7400A4A726 /* Constants.swift */ = {isa = PBXFileReference; lastKnownFileType = sourcecode.swift; path = Constants.swift; sourceTree = "<group>"; };
		CF6B2D022AA7324000A4A726 /* BackgroundTextField.swift */ = {isa = PBXFileReference; lastKnownFileType = sourcecode.swift; path = BackgroundTextField.swift; sourceTree = "<group>"; };
		CF6B2D052AA7381000A4A726 /* KeywordCell.swift */ = {isa = PBXFileReference; lastKnownFileType = sourcecode.swift; path = KeywordCell.swift; sourceTree = "<group>"; };
		CF6B2D072AA73A2300A4A726 /* WelcomeViewModel.swift */ = {isa = PBXFileReference; lastKnownFileType = sourcecode.swift; path = WelcomeViewModel.swift; sourceTree = "<group>"; };
		CF6B2D092AA75B1D00A4A726 /* Keyword.swift */ = {isa = PBXFileReference; lastKnownFileType = sourcecode.swift; path = Keyword.swift; sourceTree = "<group>"; };
		CF790D342AA8AD08003DE5E2 /* MenuViewController.swift */ = {isa = PBXFileReference; lastKnownFileType = sourcecode.swift; path = MenuViewController.swift; sourceTree = "<group>"; };
		CFA4CCFF2AB435970075775E /* MenuCell.swift */ = {isa = PBXFileReference; lastKnownFileType = sourcecode.swift; path = MenuCell.swift; sourceTree = "<group>"; };
		CFA4CD012AB43E430075775E /* Menu.swift */ = {isa = PBXFileReference; lastKnownFileType = sourcecode.swift; path = Menu.swift; sourceTree = "<group>"; };
		CFA4CD052AB44ABF0075775E /* EditKeywordViewController.swift */ = {isa = PBXFileReference; lastKnownFileType = sourcecode.swift; path = EditKeywordViewController.swift; sourceTree = "<group>"; };
		CFB23F662ABED2D8001154D1 /* MenuViewModel.swift */ = {isa = PBXFileReference; lastKnownFileType = sourcecode.swift; path = MenuViewModel.swift; sourceTree = "<group>"; };
		CFBD49812ABDBEE70094D2F1 /* AuthService.swift */ = {isa = PBXFileReference; lastKnownFileType = sourcecode.swift; path = AuthService.swift; sourceTree = "<group>"; };
		CFBD49842ABDC59A0094D2F1 /* AuthServiceType.swift */ = {isa = PBXFileReference; lastKnownFileType = sourcecode.swift; path = AuthServiceType.swift; sourceTree = "<group>"; };
		CFC41EE22AA96CDA009732C2 /* LocationProviderType.swift */ = {isa = PBXFileReference; lastKnownFileType = sourcecode.swift; path = LocationProviderType.swift; sourceTree = "<group>"; };
		CFC41EE42AA96D28009732C2 /* CoreLocationProvider.swift */ = {isa = PBXFileReference; fileEncoding = 4; lastKnownFileType = sourcecode.swift; path = CoreLocationProvider.swift; sourceTree = "<group>"; };
		CFC41EE62AA96D7D009732C2 /* CLLocation+Extension.swift */ = {isa = PBXFileReference; lastKnownFileType = sourcecode.swift; path = "CLLocation+Extension.swift"; sourceTree = "<group>"; };
		CFC41EE82AA97235009732C2 /* HomeViewModel.swift */ = {isa = PBXFileReference; lastKnownFileType = sourcecode.swift; path = HomeViewModel.swift; sourceTree = "<group>"; };
		CFC41EEA2AA9796F009732C2 /* CurrentWeather.swift */ = {isa = PBXFileReference; lastKnownFileType = sourcecode.swift; path = CurrentWeather.swift; sourceTree = "<group>"; };
		CFC41EEC2AA979E6009732C2 /* WeatherApiType.swift */ = {isa = PBXFileReference; lastKnownFileType = sourcecode.swift; path = WeatherApiType.swift; sourceTree = "<group>"; };
		CFC41EEE2AA97A44009732C2 /* Forecast.swift */ = {isa = PBXFileReference; fileEncoding = 4; lastKnownFileType = sourcecode.swift; path = Forecast.swift; sourceTree = "<group>"; };
		CFC41EEF2AA97A44009732C2 /* WeatherData.swift */ = {isa = PBXFileReference; fileEncoding = 4; lastKnownFileType = sourcecode.swift; path = WeatherData.swift; sourceTree = "<group>"; };
		CFC41EF42AA97D08009732C2 /* NetworkServiceType.swift */ = {isa = PBXFileReference; lastKnownFileType = sourcecode.swift; path = NetworkServiceType.swift; sourceTree = "<group>"; };
		CFC41EF62AA97E1E009732C2 /* WeatherApi.swift */ = {isa = PBXFileReference; lastKnownFileType = sourcecode.swift; path = WeatherApi.swift; sourceTree = "<group>"; };
		CFC41EFB2AA9942E009732C2 /* String+Extension.swift */ = {isa = PBXFileReference; lastKnownFileType = sourcecode.swift; path = "String+Extension.swift"; sourceTree = "<group>"; };
		CFE317582AAB2343000C7D27 /* NoticeCell.swift */ = {isa = PBXFileReference; lastKnownFileType = sourcecode.swift; path = NoticeCell.swift; sourceTree = "<group>"; };
		CFE3175A2AAB2554000C7D27 /* HomeSection.swift */ = {isa = PBXFileReference; lastKnownFileType = sourcecode.swift; path = HomeSection.swift; sourceTree = "<group>"; };
		CFE3175C2AAB257C000C7D27 /* ForecastSection.swift */ = {isa = PBXFileReference; lastKnownFileType = sourcecode.swift; path = ForecastSection.swift; sourceTree = "<group>"; };
		CFFAD5362AA849F800F56444 /* StepTwoView.swift */ = {isa = PBXFileReference; lastKnownFileType = sourcecode.swift; path = StepTwoView.swift; sourceTree = "<group>"; };
		CFFAD5382AA84A3300F56444 /* animation_check.json */ = {isa = PBXFileReference; fileEncoding = 4; lastKnownFileType = text.json; path = animation_check.json; sourceTree = "<group>"; };
		CFFAD53A2AA84F8200F56444 /* User.swift */ = {isa = PBXFileReference; lastKnownFileType = sourcecode.swift; path = User.swift; sourceTree = "<group>"; };
		CFFAD53D2AA8510B00F56444 /* WeatherView.swift */ = {isa = PBXFileReference; lastKnownFileType = sourcecode.swift; path = WeatherView.swift; sourceTree = "<group>"; };
/* End PBXFileReference section */

/* Begin PBXFrameworksBuildPhase section */
		CF6B2CC42AA6ED6600A4A726 /* Frameworks */ = {
			isa = PBXFrameworksBuildPhase;
			buildActionMask = 2147483647;
			files = (
				CF1C61F12AADB50C00759248 /* WebKit.framework in Frameworks */,
				CF6B2CEE2AA7245D00A4A726 /* CombineCocoa in Frameworks */,
				CF18B5E92AADD2FF0096C1FD /* FirebaseMessaging in Frameworks */,
				CF6B2CEB2AA7244800A4A726 /* SnapKit in Frameworks */,
				CFC41EFA2AA99067009732C2 /* SDWebImage in Frameworks */,
				CF531B112AA81E2A00803669 /* Lottie in Frameworks */,
				CF5CC8B42AAC2A0E008B0E1E /* SwiftSoup in Frameworks */,
			);
			runOnlyForDeploymentPostprocessing = 0;
		};
/* End PBXFrameworksBuildPhase section */

/* Begin PBXGroup section */
		CF1C61EF2AADB50C00759248 /* Frameworks */ = {
			isa = PBXGroup;
			children = (
				CF1C61F02AADB50C00759248 /* WebKit.framework */,
			);
			name = Frameworks;
			sourceTree = "<group>";
		};
		CF319CD62AB07AF6007039A6 /* ViewController */ = {
			isa = PBXGroup;
			children = (
				CF5CC8B92AAC6D58008B0E1E /* NoticeViewController.swift */,
				CF5CC8BF2AACCC77008B0E1E /* SearchViewController.swift */,
				CF6B2CDE2AA6EDFF00A4A726 /* HomeViewController.swift */,
				CF1C61F22AADB52300759248 /* WebViewController.swift */,
			);
			path = ViewController;
			sourceTree = "<group>";
		};
		CF319CD72AB07B04007039A6 /* CustomView */ = {
			isa = PBXGroup;
			children = (
				CF1C61ED2AAD82F100759248 /* LoadingView.swift */,
				CFFAD53D2AA8510B00F56444 /* WeatherView.swift */,
				CF319CD92AB07B04007039A6 /* TabItemView.swift */,
				CF319CD82AB07B04007039A6 /* TabView.swift */,
				CF319CDA2AB07B04007039A6 /* AutoPaddingButton.swift */,
				CF6B2CFD2AA72B7E00A4A726 /* GuideView.swift */,
				CF6B2D022AA7324000A4A726 /* BackgroundTextField.swift */,
			);
			path = CustomView;
			sourceTree = "<group>";
		};
		CF531B162AA8213000803669 /* Welcome */ = {
			isa = PBXGroup;
			children = (
				CF6B2D052AA7381000A4A726 /* KeywordCell.swift */,
				CF6B2CE52AA6EEAE00A4A726 /* WelcomeViewController.swift */,
				CFFAD5352AA849EC00F56444 /* StepView */,
			);
			path = Welcome;
			sourceTree = "<group>";
		};
		CF5CC8AD2AAC21DD008B0E1E /* Header */ = {
			isa = PBXGroup;
			children = (
				CF5CC8AE2AAC2203008B0E1E /* NoticeHeaderView.swift */,
			);
			path = Header;
			sourceTree = "<group>";
		};
		CF6B2CBE2AA6ED6600A4A726 = {
			isa = PBXGroup;
			children = (
				CF6B2CC92AA6ED6600A4A726 /* HallymNotice */,
				CF6B2CC82AA6ED6600A4A726 /* Products */,
				CF1C61EF2AADB50C00759248 /* Frameworks */,
			);
			sourceTree = "<group>";
		};
		CF6B2CC82AA6ED6600A4A726 /* Products */ = {
			isa = PBXGroup;
			children = (
				CF6B2CC72AA6ED6600A4A726 /* HallymNotice.app */,
			);
			name = Products;
			sourceTree = "<group>";
		};
		CF6B2CC92AA6ED6600A4A726 /* HallymNotice */ = {
			isa = PBXGroup;
			children = (
				CF18B5EA2AADD7460096C1FD /* HallymNotice.entitlements */,
				CF6B2CE22AA6EE5100A4A726 /* App */,
				CFC41EE12AA96CB1009732C2 /* Resource */,
				CFC41EE02AA96CA9009732C2 /* Service */,
				CF6B2CE32AA6EE5700A4A726 /* Model */,
				CF6B2CE02AA6EE3600A4A726 /* View */,
				CF6B2CE42AA6EE5C00A4A726 /* ViewModel */,
				CF6B2CFF2AA72D6700A4A726 /* Utils */,
				CF6B2CD32AA6ED6700A4A726 /* Assets.xcassets */,
				CF6B2CD52AA6ED6700A4A726 /* LaunchScreen.storyboard */,
				CF6B2CD82AA6ED6700A4A726 /* Info.plist */,
				CF18B5E52AADD2780096C1FD /* GoogleService-Info.plist */,
			);
			path = HallymNotice;
			sourceTree = "<group>";
		};
		CF6B2CE02AA6EE3600A4A726 /* View */ = {
			isa = PBXGroup;
			children = (
				CF531B162AA8213000803669 /* Welcome */,
				CFFAD53C2AA850DF00F56444 /* Home */,
				CF790D362AA8AD0C003DE5E2 /* Menu */,
				CF319CD72AB07B04007039A6 /* CustomView */,
				CF6B2CE72AA7229000A4A726 /* BaseViewController.swift */,
			);
			path = View;
			sourceTree = "<group>";
		};
		CF6B2CE22AA6EE5100A4A726 /* App */ = {
			isa = PBXGroup;
			children = (
				CF6B2CCA2AA6ED6600A4A726 /* AppDelegate.swift */,
				CF6B2CCC2AA6ED6600A4A726 /* SceneDelegate.swift */,
			);
			path = App;
			sourceTree = "<group>";
		};
		CF6B2CE32AA6EE5700A4A726 /* Model */ = {
			isa = PBXGroup;
			children = (
				CFE3175E2AAB258E000C7D27 /* Section */,
				CFC41EEE2AA97A44009732C2 /* Forecast.swift */,
				CFC41EEF2AA97A44009732C2 /* WeatherData.swift */,
				CF6B2D092AA75B1D00A4A726 /* Keyword.swift */,
				CFFAD53A2AA84F8200F56444 /* User.swift */,
				CFC41EEA2AA9796F009732C2 /* CurrentWeather.swift */,
				CF5CC8B02AAC29E7008B0E1E /* Notice.swift */,
				CFA4CD012AB43E430075775E /* Menu.swift */,
				CF00A2E32AB959C2004865C6 /* NoticeCategory.swift */,
			);
			path = Model;
			sourceTree = "<group>";
		};
		CF6B2CE42AA6EE5C00A4A726 /* ViewModel */ = {
			isa = PBXGroup;
			children = (
				CF6B2D072AA73A2300A4A726 /* WelcomeViewModel.swift */,
				CFC41EE82AA97235009732C2 /* HomeViewModel.swift */,
				CF5CC8BB2AAC6D9F008B0E1E /* NoticeViewModel.swift */,
				CF5CC8C12AACCD2D008B0E1E /* SearchViewModel.swift */,
				CFB23F662ABED2D8001154D1 /* MenuViewModel.swift */,
			);
			path = ViewModel;
			sourceTree = "<group>";
		};
		CF6B2CF42AA724BE00A4A726 /* Extension */ = {
			isa = PBXGroup;
			children = (
				CF6B2CF52AA724BE00A4A726 /* UIColor+Extension.swift */,
				CF6B2CF62AA724BE00A4A726 /* UIView+Extension.swift */,
				CFC41EE62AA96D7D009732C2 /* CLLocation+Extension.swift */,
				CFC41EFB2AA9942E009732C2 /* String+Extension.swift */,
				CF5CC8BD2AAC6ED3008B0E1E /* Date+Extension.swift */,
				CF1C61F42AADBD2400759248 /* UIViewController+Extension.swift */,
			);
			path = Extension;
			sourceTree = "<group>";
		};
		CF6B2CFF2AA72D6700A4A726 /* Utils */ = {
			isa = PBXGroup;
			children = (
				CF6B2D002AA72D7400A4A726 /* Constants.swift */,
				CF6B2CF42AA724BE00A4A726 /* Extension */,
			);
			path = Utils;
			sourceTree = "<group>";
		};
		CF790D362AA8AD0C003DE5E2 /* Menu */ = {
			isa = PBXGroup;
			children = (
				CFA4CD072AB451540075775E /* ViewController */,
				CFA4CCFF2AB435970075775E /* MenuCell.swift */,
			);
			path = Menu;
			sourceTree = "<group>";
		};
		CFA4CD072AB451540075775E /* ViewController */ = {
			isa = PBXGroup;
			children = (
				CF790D342AA8AD08003DE5E2 /* MenuViewController.swift */,
				CFA4CD052AB44ABF0075775E /* EditKeywordViewController.swift */,
			);
			path = ViewController;
			sourceTree = "<group>";
		};
		CFBD49832ABDC2EB0094D2F1 /* Protocol */ = {
			isa = PBXGroup;
			children = (
				CFC41EE22AA96CDA009732C2 /* LocationProviderType.swift */,
				CFC41EEC2AA979E6009732C2 /* WeatherApiType.swift */,
				CFC41EF42AA97D08009732C2 /* NetworkServiceType.swift */,
				CF5CC8B72AAC2DDE008B0E1E /* CrawlingServiceType.swift */,
				CFBD49842ABDC59A0094D2F1 /* AuthServiceType.swift */,
			);
			path = Protocol;
			sourceTree = "<group>";
		};
		CFC41EE02AA96CA9009732C2 /* Service */ = {
			isa = PBXGroup;
			children = (
				CFBD49832ABDC2EB0094D2F1 /* Protocol */,
				CFC41EE42AA96D28009732C2 /* CoreLocationProvider.swift */,
				CFC41EF62AA97E1E009732C2 /* WeatherApi.swift */,
				CF5CC8B52AAC2A25008B0E1E /* CrawlingService.swift */,
				CFBD49812ABDBEE70094D2F1 /* AuthService.swift */,
			);
			path = Service;
			sourceTree = "<group>";
		};
		CFC41EE12AA96CB1009732C2 /* Resource */ = {
			isa = PBXGroup;
			children = (
				CF531B122AA81F6900803669 /* animation_notification.json */,
				CFFAD5382AA84A3300F56444 /* animation_check.json */,
				CF00A2DF2AB958AB004865C6 /* ThemeColor.swift */,
				CF00A2E12AB958B7004865C6 /* ThemeFont.swift */,
			);
			path = Resource;
			sourceTree = "<group>";
		};
		CFE317552AAB2239000C7D27 /* Cell */ = {
			isa = PBXGroup;
			children = (
				CF0F8C2B2AA8845E001466CD /* ForecastCell.swift */,
				CFE317582AAB2343000C7D27 /* NoticeCell.swift */,
			);
			path = Cell;
			sourceTree = "<group>";
		};
		CFE3175E2AAB258E000C7D27 /* Section */ = {
			isa = PBXGroup;
			children = (
				CFE3175A2AAB2554000C7D27 /* HomeSection.swift */,
				CFE3175C2AAB257C000C7D27 /* ForecastSection.swift */,
			);
			path = Section;
			sourceTree = "<group>";
		};
		CFFAD5352AA849EC00F56444 /* StepView */ = {
			isa = PBXGroup;
			children = (
				CF531B142AA8211000803669 /* StepOneView.swift */,
				CFFAD5362AA849F800F56444 /* StepTwoView.swift */,
			);
			path = StepView;
			sourceTree = "<group>";
		};
		CFFAD53C2AA850DF00F56444 /* Home */ = {
			isa = PBXGroup;
			children = (
				CF319CD62AB07AF6007039A6 /* ViewController */,
				CF5CC8AD2AAC21DD008B0E1E /* Header */,
				CFE317552AAB2239000C7D27 /* Cell */,
			);
			path = Home;
			sourceTree = "<group>";
		};
/* End PBXGroup section */

/* Begin PBXNativeTarget section */
		CF6B2CC62AA6ED6600A4A726 /* HallymNotice */ = {
			isa = PBXNativeTarget;
			buildConfigurationList = CF6B2CDB2AA6ED6700A4A726 /* Build configuration list for PBXNativeTarget "HallymNotice" */;
			buildPhases = (
				CF6B2CC32AA6ED6600A4A726 /* Sources */,
				CF6B2CC42AA6ED6600A4A726 /* Frameworks */,
				CF6B2CC52AA6ED6600A4A726 /* Resources */,
			);
			buildRules = (
			);
			dependencies = (
			);
			name = HallymNotice;
			packageProductDependencies = (
				CF6B2CEA2AA7244800A4A726 /* SnapKit */,
				CF6B2CED2AA7245D00A4A726 /* CombineCocoa */,
				CF531B102AA81E2A00803669 /* Lottie */,
				CFC41EF92AA99067009732C2 /* SDWebImage */,
				CF5CC8B32AAC2A0E008B0E1E /* SwiftSoup */,
				CF18B5E82AADD2FF0096C1FD /* FirebaseMessaging */,
			);
			productName = HallymNotice;
			productReference = CF6B2CC72AA6ED6600A4A726 /* HallymNotice.app */;
			productType = "com.apple.product-type.application";
		};
/* End PBXNativeTarget section */

/* Begin PBXProject section */
		CF6B2CBF2AA6ED6600A4A726 /* Project object */ = {
			isa = PBXProject;
			attributes = {
				BuildIndependentTargetsInParallel = 1;
				LastSwiftUpdateCheck = 1430;
				LastUpgradeCheck = 1430;
				TargetAttributes = {
					CF6B2CC62AA6ED6600A4A726 = {
						CreatedOnToolsVersion = 14.3.1;
					};
				};
			};
			buildConfigurationList = CF6B2CC22AA6ED6600A4A726 /* Build configuration list for PBXProject "HallymNotice" */;
			compatibilityVersion = "Xcode 14.0";
			developmentRegion = en;
			hasScannedForEncodings = 0;
			knownRegions = (
				en,
				Base,
			);
			mainGroup = CF6B2CBE2AA6ED6600A4A726;
			packageReferences = (
				CF6B2CE92AA7244800A4A726 /* XCRemoteSwiftPackageReference "SnapKit" */,
				CF6B2CEC2AA7245D00A4A726 /* XCRemoteSwiftPackageReference "CombineCocoa" */,
				CF531B0F2AA81E2A00803669 /* XCRemoteSwiftPackageReference "lottie-spm" */,
				CFC41EF82AA99067009732C2 /* XCRemoteSwiftPackageReference "SDWebImage" */,
				CF5CC8B22AAC2A0E008B0E1E /* XCRemoteSwiftPackageReference "SwiftSoup" */,
				CF18B5E72AADD2FF0096C1FD /* XCRemoteSwiftPackageReference "firebase-ios-sdk" */,
			);
			productRefGroup = CF6B2CC82AA6ED6600A4A726 /* Products */;
			projectDirPath = "";
			projectRoot = "";
			targets = (
				CF6B2CC62AA6ED6600A4A726 /* HallymNotice */,
			);
		};
/* End PBXProject section */

/* Begin PBXResourcesBuildPhase section */
		CF6B2CC52AA6ED6600A4A726 /* Resources */ = {
			isa = PBXResourcesBuildPhase;
			buildActionMask = 2147483647;
			files = (
				CF6B2CD72AA6ED6700A4A726 /* LaunchScreen.storyboard in Resources */,
				CFFAD5392AA84A3300F56444 /* animation_check.json in Resources */,
				CF18B5E62AADD2780096C1FD /* GoogleService-Info.plist in Resources */,
				CF6B2CD42AA6ED6700A4A726 /* Assets.xcassets in Resources */,
				CF531B132AA81F6900803669 /* animation_notification.json in Resources */,
			);
			runOnlyForDeploymentPostprocessing = 0;
		};
/* End PBXResourcesBuildPhase section */

/* Begin PBXSourcesBuildPhase section */
		CF6B2CC32AA6ED6600A4A726 /* Sources */ = {
			isa = PBXSourcesBuildPhase;
			buildActionMask = 2147483647;
			files = (
				CF00A2E42AB959C2004865C6 /* NoticeCategory.swift in Sources */,
				CF319CDC2AB07B64007039A6 /* TabItemView.swift in Sources */,
				CFA4CD002AB435970075775E /* MenuCell.swift in Sources */,
				CFB23F672ABED2D9001154D1 /* MenuViewModel.swift in Sources */,
				CF319CDB2AB07B64007039A6 /* TabView.swift in Sources */,
				CF6B2D0A2AA75B1D00A4A726 /* Keyword.swift in Sources */,
				CF5CC8B62AAC2A25008B0E1E /* CrawlingService.swift in Sources */,
				CFA4CD022AB43E430075775E /* Menu.swift in Sources */,
				CF6B2D032AA7324000A4A726 /* BackgroundTextField.swift in Sources */,
				CFE317592AAB2343000C7D27 /* NoticeCell.swift in Sources */,
				CFC41EE32AA96CDA009732C2 /* LocationProviderType.swift in Sources */,
				CFC41EF12AA97A44009732C2 /* Forecast.swift in Sources */,
				CF00A2E22AB958B7004865C6 /* ThemeFont.swift in Sources */,
				CFBD49852ABDC59A0094D2F1 /* AuthServiceType.swift in Sources */,
				CF5CC8C02AACCC77008B0E1E /* SearchViewController.swift in Sources */,
				CFC41EF22AA97A44009732C2 /* WeatherData.swift in Sources */,
				CFE3175B2AAB2554000C7D27 /* HomeSection.swift in Sources */,
				CF5CC8B82AAC2DDE008B0E1E /* CrawlingServiceType.swift in Sources */,
				CF1C61EE2AAD82F100759248 /* LoadingView.swift in Sources */,
				CF1C61F32AADB52300759248 /* WebViewController.swift in Sources */,
				CF6B2D012AA72D7400A4A726 /* Constants.swift in Sources */,
				CFA4CD062AB44ABF0075775E /* EditKeywordViewController.swift in Sources */,
				CF6B2D082AA73A2300A4A726 /* WelcomeViewModel.swift in Sources */,
				CF531B152AA8211000803669 /* StepOneView.swift in Sources */,
				CFE3175D2AAB257C000C7D27 /* ForecastSection.swift in Sources */,
				CF6B2D062AA7381000A4A726 /* KeywordCell.swift in Sources */,
				CFFAD5372AA849F800F56444 /* StepTwoView.swift in Sources */,
				CF5CC8C22AACCD2D008B0E1E /* SearchViewModel.swift in Sources */,
				CF1C61F52AADBD2400759248 /* UIViewController+Extension.swift in Sources */,
				CF5CC8AF2AAC2203008B0E1E /* NoticeHeaderView.swift in Sources */,
				CF6B2CE82AA7229000A4A726 /* BaseViewController.swift in Sources */,
				CFC41EEB2AA9796F009732C2 /* CurrentWeather.swift in Sources */,
				CF00A2E02AB958AB004865C6 /* ThemeColor.swift in Sources */,
				CFC41EF72AA97E1E009732C2 /* WeatherApi.swift in Sources */,
				CFC41EFC2AA9942E009732C2 /* String+Extension.swift in Sources */,
				CFC41EE92AA97235009732C2 /* HomeViewModel.swift in Sources */,
				CFC41EE52AA96D28009732C2 /* CoreLocationProvider.swift in Sources */,
				CF5CC8BC2AAC6D9F008B0E1E /* NoticeViewModel.swift in Sources */,
				CF6B2CCB2AA6ED6600A4A726 /* AppDelegate.swift in Sources */,
				CF6B2CF92AA724BE00A4A726 /* UIView+Extension.swift in Sources */,
				CFC41EE72AA96D7D009732C2 /* CLLocation+Extension.swift in Sources */,
				CF5CC8BE2AAC6ED3008B0E1E /* Date+Extension.swift in Sources */,
				CFC41EF52AA97D08009732C2 /* NetworkServiceType.swift in Sources */,
				CFC41EED2AA979E6009732C2 /* WeatherApiType.swift in Sources */,
				CF6B2CCD2AA6ED6600A4A726 /* SceneDelegate.swift in Sources */,
				CF6B2CFE2AA72B7E00A4A726 /* GuideView.swift in Sources */,
				CF6B2CDF2AA6EDFF00A4A726 /* HomeViewController.swift in Sources */,
				CFFAD53E2AA8510B00F56444 /* WeatherView.swift in Sources */,
				CF5CC8B12AAC29E7008B0E1E /* Notice.swift in Sources */,
				CF5CC8BA2AAC6D58008B0E1E /* NoticeViewController.swift in Sources */,
				CF319CDD2AB07B64007039A6 /* AutoPaddingButton.swift in Sources */,
				CF6B2CE62AA6EEAE00A4A726 /* WelcomeViewController.swift in Sources */,
				CF6B2CF82AA724BE00A4A726 /* UIColor+Extension.swift in Sources */,
				CFFAD53B2AA84F8200F56444 /* User.swift in Sources */,
				CF0F8C2C2AA8845E001466CD /* ForecastCell.swift in Sources */,
				CF790D352AA8AD08003DE5E2 /* MenuViewController.swift in Sources */,
				CFBD49822ABDBEE70094D2F1 /* AuthService.swift in Sources */,
			);
			runOnlyForDeploymentPostprocessing = 0;
		};
/* End PBXSourcesBuildPhase section */

/* Begin PBXVariantGroup section */
		CF6B2CD52AA6ED6700A4A726 /* LaunchScreen.storyboard */ = {
			isa = PBXVariantGroup;
			children = (
				CF6B2CD62AA6ED6700A4A726 /* Base */,
			);
			name = LaunchScreen.storyboard;
			sourceTree = "<group>";
		};
/* End PBXVariantGroup section */

/* Begin XCBuildConfiguration section */
		CF6B2CD92AA6ED6700A4A726 /* Debug */ = {
			isa = XCBuildConfiguration;
			buildSettings = {
				ALWAYS_SEARCH_USER_PATHS = NO;
				CLANG_ANALYZER_NONNULL = YES;
				CLANG_ANALYZER_NUMBER_OBJECT_CONVERSION = YES_AGGRESSIVE;
				CLANG_CXX_LANGUAGE_STANDARD = "gnu++20";
				CLANG_ENABLE_MODULES = YES;
				CLANG_ENABLE_OBJC_ARC = YES;
				CLANG_ENABLE_OBJC_WEAK = YES;
				CLANG_WARN_BLOCK_CAPTURE_AUTORELEASING = YES;
				CLANG_WARN_BOOL_CONVERSION = YES;
				CLANG_WARN_COMMA = YES;
				CLANG_WARN_CONSTANT_CONVERSION = YES;
				CLANG_WARN_DEPRECATED_OBJC_IMPLEMENTATIONS = YES;
				CLANG_WARN_DIRECT_OBJC_ISA_USAGE = YES_ERROR;
				CLANG_WARN_DOCUMENTATION_COMMENTS = YES;
				CLANG_WARN_EMPTY_BODY = YES;
				CLANG_WARN_ENUM_CONVERSION = YES;
				CLANG_WARN_INFINITE_RECURSION = YES;
				CLANG_WARN_INT_CONVERSION = YES;
				CLANG_WARN_NON_LITERAL_NULL_CONVERSION = YES;
				CLANG_WARN_OBJC_IMPLICIT_RETAIN_SELF = YES;
				CLANG_WARN_OBJC_LITERAL_CONVERSION = YES;
				CLANG_WARN_OBJC_ROOT_CLASS = YES_ERROR;
				CLANG_WARN_QUOTED_INCLUDE_IN_FRAMEWORK_HEADER = YES;
				CLANG_WARN_RANGE_LOOP_ANALYSIS = YES;
				CLANG_WARN_STRICT_PROTOTYPES = YES;
				CLANG_WARN_SUSPICIOUS_MOVE = YES;
				CLANG_WARN_UNGUARDED_AVAILABILITY = YES_AGGRESSIVE;
				CLANG_WARN_UNREACHABLE_CODE = YES;
				CLANG_WARN__DUPLICATE_METHOD_MATCH = YES;
				COPY_PHASE_STRIP = NO;
				DEBUG_INFORMATION_FORMAT = dwarf;
				ENABLE_STRICT_OBJC_MSGSEND = YES;
				ENABLE_TESTABILITY = YES;
				GCC_C_LANGUAGE_STANDARD = gnu11;
				GCC_DYNAMIC_NO_PIC = NO;
				GCC_NO_COMMON_BLOCKS = YES;
				GCC_OPTIMIZATION_LEVEL = 0;
				GCC_PREPROCESSOR_DEFINITIONS = (
					"DEBUG=1",
					"$(inherited)",
				);
				GCC_WARN_64_TO_32_BIT_CONVERSION = YES;
				GCC_WARN_ABOUT_RETURN_TYPE = YES_ERROR;
				GCC_WARN_UNDECLARED_SELECTOR = YES;
				GCC_WARN_UNINITIALIZED_AUTOS = YES_AGGRESSIVE;
				GCC_WARN_UNUSED_FUNCTION = YES;
				GCC_WARN_UNUSED_VARIABLE = YES;
				IPHONEOS_DEPLOYMENT_TARGET = 16.4;
				MTL_ENABLE_DEBUG_INFO = INCLUDE_SOURCE;
				MTL_FAST_MATH = YES;
				ONLY_ACTIVE_ARCH = YES;
				SDKROOT = iphoneos;
				SWIFT_ACTIVE_COMPILATION_CONDITIONS = DEBUG;
				SWIFT_OPTIMIZATION_LEVEL = "-Onone";
			};
			name = Debug;
		};
		CF6B2CDA2AA6ED6700A4A726 /* Release */ = {
			isa = XCBuildConfiguration;
			buildSettings = {
				ALWAYS_SEARCH_USER_PATHS = NO;
				CLANG_ANALYZER_NONNULL = YES;
				CLANG_ANALYZER_NUMBER_OBJECT_CONVERSION = YES_AGGRESSIVE;
				CLANG_CXX_LANGUAGE_STANDARD = "gnu++20";
				CLANG_ENABLE_MODULES = YES;
				CLANG_ENABLE_OBJC_ARC = YES;
				CLANG_ENABLE_OBJC_WEAK = YES;
				CLANG_WARN_BLOCK_CAPTURE_AUTORELEASING = YES;
				CLANG_WARN_BOOL_CONVERSION = YES;
				CLANG_WARN_COMMA = YES;
				CLANG_WARN_CONSTANT_CONVERSION = YES;
				CLANG_WARN_DEPRECATED_OBJC_IMPLEMENTATIONS = YES;
				CLANG_WARN_DIRECT_OBJC_ISA_USAGE = YES_ERROR;
				CLANG_WARN_DOCUMENTATION_COMMENTS = YES;
				CLANG_WARN_EMPTY_BODY = YES;
				CLANG_WARN_ENUM_CONVERSION = YES;
				CLANG_WARN_INFINITE_RECURSION = YES;
				CLANG_WARN_INT_CONVERSION = YES;
				CLANG_WARN_NON_LITERAL_NULL_CONVERSION = YES;
				CLANG_WARN_OBJC_IMPLICIT_RETAIN_SELF = YES;
				CLANG_WARN_OBJC_LITERAL_CONVERSION = YES;
				CLANG_WARN_OBJC_ROOT_CLASS = YES_ERROR;
				CLANG_WARN_QUOTED_INCLUDE_IN_FRAMEWORK_HEADER = YES;
				CLANG_WARN_RANGE_LOOP_ANALYSIS = YES;
				CLANG_WARN_STRICT_PROTOTYPES = YES;
				CLANG_WARN_SUSPICIOUS_MOVE = YES;
				CLANG_WARN_UNGUARDED_AVAILABILITY = YES_AGGRESSIVE;
				CLANG_WARN_UNREACHABLE_CODE = YES;
				CLANG_WARN__DUPLICATE_METHOD_MATCH = YES;
				COPY_PHASE_STRIP = NO;
				DEBUG_INFORMATION_FORMAT = "dwarf-with-dsym";
				ENABLE_NS_ASSERTIONS = NO;
				ENABLE_STRICT_OBJC_MSGSEND = YES;
				GCC_C_LANGUAGE_STANDARD = gnu11;
				GCC_NO_COMMON_BLOCKS = YES;
				GCC_WARN_64_TO_32_BIT_CONVERSION = YES;
				GCC_WARN_ABOUT_RETURN_TYPE = YES_ERROR;
				GCC_WARN_UNDECLARED_SELECTOR = YES;
				GCC_WARN_UNINITIALIZED_AUTOS = YES_AGGRESSIVE;
				GCC_WARN_UNUSED_FUNCTION = YES;
				GCC_WARN_UNUSED_VARIABLE = YES;
				IPHONEOS_DEPLOYMENT_TARGET = 16.4;
				MTL_ENABLE_DEBUG_INFO = NO;
				MTL_FAST_MATH = YES;
				SDKROOT = iphoneos;
				SWIFT_COMPILATION_MODE = wholemodule;
				SWIFT_OPTIMIZATION_LEVEL = "-O";
				VALIDATE_PRODUCT = YES;
			};
			name = Release;
		};
		CF6B2CDC2AA6ED6700A4A726 /* Debug */ = {
			isa = XCBuildConfiguration;
			buildSettings = {
				ASSETCATALOG_COMPILER_APPICON_NAME = AppIcon;
				ASSETCATALOG_COMPILER_GLOBAL_ACCENT_COLOR_NAME = AccentColor;
				CODE_SIGN_ENTITLEMENTS = HallymNotice/HallymNotice.entitlements;
				CODE_SIGN_STYLE = Automatic;
				CURRENT_PROJECT_VERSION = 1;
				DEVELOPMENT_TEAM = EX6G2VC9J8;
				GENERATE_INFOPLIST_FILE = YES;
				INFOPLIST_FILE = HallymNotice/Info.plist;
				INFOPLIST_KEY_NSLocationAlwaysAndWhenInUseUsageDescription = "사용자의 위치를 기반으로 정확한 날씨 데이터를 제공하기 위해 사용됩니다.";
				INFOPLIST_KEY_NSLocationWhenInUseUsageDescription = "사용자의 위치를 기반으로 정확한 날씨 데이터를 제공하기 위해 사용됩니다.";
				INFOPLIST_KEY_UIApplicationSupportsIndirectInputEvents = YES;
				INFOPLIST_KEY_UILaunchStoryboardName = LaunchScreen;
				INFOPLIST_KEY_UISupportedInterfaceOrientations_iPad = "UIInterfaceOrientationPortrait UIInterfaceOrientationPortraitUpsideDown UIInterfaceOrientationLandscapeLeft UIInterfaceOrientationLandscapeRight";
				INFOPLIST_KEY_UISupportedInterfaceOrientations_iPhone = "UIInterfaceOrientationPortrait UIInterfaceOrientationLandscapeLeft UIInterfaceOrientationLandscapeRight";
				LD_RUNPATH_SEARCH_PATHS = (
					"$(inherited)",
					"@executable_path/Frameworks",
				);
				MARKETING_VERSION = 1.0;
				PRODUCT_BUNDLE_IDENTIFIER = com.dldmswo1209.HallymNotice;
				PRODUCT_NAME = "$(TARGET_NAME)";
				SWIFT_EMIT_LOC_STRINGS = YES;
				SWIFT_VERSION = 5.0;
				TARGETED_DEVICE_FAMILY = "1,2";
			};
			name = Debug;
		};
		CF6B2CDD2AA6ED6700A4A726 /* Release */ = {
			isa = XCBuildConfiguration;
			buildSettings = {
				ASSETCATALOG_COMPILER_APPICON_NAME = AppIcon;
				ASSETCATALOG_COMPILER_GLOBAL_ACCENT_COLOR_NAME = AccentColor;
				CODE_SIGN_ENTITLEMENTS = HallymNotice/HallymNotice.entitlements;
				CODE_SIGN_STYLE = Automatic;
				CURRENT_PROJECT_VERSION = 1;
				DEVELOPMENT_TEAM = EX6G2VC9J8;
				GENERATE_INFOPLIST_FILE = YES;
				INFOPLIST_FILE = HallymNotice/Info.plist;
				INFOPLIST_KEY_NSLocationAlwaysAndWhenInUseUsageDescription = "사용자의 위치를 기반으로 정확한 날씨 데이터를 제공하기 위해 사용됩니다.";
				INFOPLIST_KEY_NSLocationWhenInUseUsageDescription = "사용자의 위치를 기반으로 정확한 날씨 데이터를 제공하기 위해 사용됩니다.";
				INFOPLIST_KEY_UIApplicationSupportsIndirectInputEvents = YES;
				INFOPLIST_KEY_UILaunchStoryboardName = LaunchScreen;
				INFOPLIST_KEY_UISupportedInterfaceOrientations_iPad = "UIInterfaceOrientationPortrait UIInterfaceOrientationPortraitUpsideDown UIInterfaceOrientationLandscapeLeft UIInterfaceOrientationLandscapeRight";
				INFOPLIST_KEY_UISupportedInterfaceOrientations_iPhone = "UIInterfaceOrientationPortrait UIInterfaceOrientationLandscapeLeft UIInterfaceOrientationLandscapeRight";
				LD_RUNPATH_SEARCH_PATHS = (
					"$(inherited)",
					"@executable_path/Frameworks",
				);
				MARKETING_VERSION = 1.0;
				PRODUCT_BUNDLE_IDENTIFIER = com.dldmswo1209.HallymNotice;
				PRODUCT_NAME = "$(TARGET_NAME)";
				SWIFT_EMIT_LOC_STRINGS = YES;
				SWIFT_VERSION = 5.0;
				TARGETED_DEVICE_FAMILY = "1,2";
			};
			name = Release;
		};
/* End XCBuildConfiguration section */

/* Begin XCConfigurationList section */
		CF6B2CC22AA6ED6600A4A726 /* Build configuration list for PBXProject "HallymNotice" */ = {
			isa = XCConfigurationList;
			buildConfigurations = (
				CF6B2CD92AA6ED6700A4A726 /* Debug */,
				CF6B2CDA2AA6ED6700A4A726 /* Release */,
			);
			defaultConfigurationIsVisible = 0;
			defaultConfigurationName = Release;
		};
		CF6B2CDB2AA6ED6700A4A726 /* Build configuration list for PBXNativeTarget "HallymNotice" */ = {
			isa = XCConfigurationList;
			buildConfigurations = (
				CF6B2CDC2AA6ED6700A4A726 /* Debug */,
				CF6B2CDD2AA6ED6700A4A726 /* Release */,
			);
			defaultConfigurationIsVisible = 0;
			defaultConfigurationName = Release;
		};
/* End XCConfigurationList section */

/* Begin XCRemoteSwiftPackageReference section */
		CF18B5E72AADD2FF0096C1FD /* XCRemoteSwiftPackageReference "firebase-ios-sdk" */ = {
			isa = XCRemoteSwiftPackageReference;
			repositoryURL = "https://github.com/firebase/firebase-ios-sdk";
			requirement = {
				kind = upToNextMajorVersion;
				minimumVersion = 10.0.0;
			};
		};
		CF531B0F2AA81E2A00803669 /* XCRemoteSwiftPackageReference "lottie-spm" */ = {
			isa = XCRemoteSwiftPackageReference;
			repositoryURL = "https://github.com/airbnb/lottie-spm.git";
			requirement = {
				kind = upToNextMajorVersion;
				minimumVersion = 4.0.0;
			};
		};
		CF5CC8B22AAC2A0E008B0E1E /* XCRemoteSwiftPackageReference "SwiftSoup" */ = {
			isa = XCRemoteSwiftPackageReference;
			repositoryURL = "https://github.com/scinfu/SwiftSoup";
			requirement = {
				kind = upToNextMajorVersion;
				minimumVersion = 2.0.0;
			};
		};
		CF6B2CE92AA7244800A4A726 /* XCRemoteSwiftPackageReference "SnapKit" */ = {
			isa = XCRemoteSwiftPackageReference;
			repositoryURL = "https://github.com/SnapKit/SnapKit.git";
			requirement = {
				kind = upToNextMajorVersion;
				minimumVersion = 5.0.0;
			};
		};
		CF6B2CEC2AA7245D00A4A726 /* XCRemoteSwiftPackageReference "CombineCocoa" */ = {
			isa = XCRemoteSwiftPackageReference;
			repositoryURL = "https://github.com/CombineCommunity/CombineCocoa";
			requirement = {
				kind = upToNextMajorVersion;
				minimumVersion = 0.4.1;
			};
		};
		CFC41EF82AA99067009732C2 /* XCRemoteSwiftPackageReference "SDWebImage" */ = {
			isa = XCRemoteSwiftPackageReference;
			repositoryURL = "https://github.com/SDWebImage/SDWebImage.git";
			requirement = {
				kind = upToNextMajorVersion;
				minimumVersion = 5.0.0;
			};
		};
/* End XCRemoteSwiftPackageReference section */

/* Begin XCSwiftPackageProductDependency section */
		CF18B5E82AADD2FF0096C1FD /* FirebaseMessaging */ = {
			isa = XCSwiftPackageProductDependency;
			package = CF18B5E72AADD2FF0096C1FD /* XCRemoteSwiftPackageReference "firebase-ios-sdk" */;
			productName = FirebaseMessaging;
		};
		CF531B102AA81E2A00803669 /* Lottie */ = {
			isa = XCSwiftPackageProductDependency;
			package = CF531B0F2AA81E2A00803669 /* XCRemoteSwiftPackageReference "lottie-spm" */;
			productName = Lottie;
		};
		CF5CC8B32AAC2A0E008B0E1E /* SwiftSoup */ = {
			isa = XCSwiftPackageProductDependency;
			package = CF5CC8B22AAC2A0E008B0E1E /* XCRemoteSwiftPackageReference "SwiftSoup" */;
			productName = SwiftSoup;
		};
		CF6B2CEA2AA7244800A4A726 /* SnapKit */ = {
			isa = XCSwiftPackageProductDependency;
			package = CF6B2CE92AA7244800A4A726 /* XCRemoteSwiftPackageReference "SnapKit" */;
			productName = SnapKit;
		};
		CF6B2CED2AA7245D00A4A726 /* CombineCocoa */ = {
			isa = XCSwiftPackageProductDependency;
			package = CF6B2CEC2AA7245D00A4A726 /* XCRemoteSwiftPackageReference "CombineCocoa" */;
			productName = CombineCocoa;
		};
		CFC41EF92AA99067009732C2 /* SDWebImage */ = {
			isa = XCSwiftPackageProductDependency;
			package = CFC41EF82AA99067009732C2 /* XCRemoteSwiftPackageReference "SDWebImage" */;
			productName = SDWebImage;
		};
/* End XCSwiftPackageProductDependency section */
	};
	rootObject = CF6B2CBF2AA6ED6600A4A726 /* Project object */;
}
